{
  "version": 4,
  "terraform_version": "1.12.2",
  "serial": 412,
  "lineage": "7c2a85bc-8ebd-170e-cf1c-437803f77cd8",
  "outputs": {
    "dns_a_record_fqdn": {
      "value": "nginx-ubuntu.kulland.info",
      "type": "string"
    },
    "management_public_ip_address": {
      "value": "4.155.55.93",
      "type": "string"
    },
    "management_public_ip_address_different_resource": {
      "value": "4.155.55.93",
      "type": "string"
    },
    "nginx_instances_public_ip_addresses": {
      "value": {
        "oss1_public_ip": "172.171.99.120",
        "oss2_public_ip": "4.155.236.200",
        "oss3_public_ip": "4.155.205.41",
        "plus1_public_ip": "20.114.53.122",
        "plus2_public_ip": "4.155.54.198",
        "plus3_public_ip": "4.155.218.39"
      },
      "type": [
        "object",
        {
          "oss1_public_ip": "string",
          "oss2_public_ip": "string",
          "oss3_public_ip": "string",
          "plus1_public_ip": "string",
          "plus2_public_ip": "string",
          "plus3_public_ip": "string"
        }
      ]
    },
    "ssh_command": {
      "value": "ssh kulland@nginx-ubuntu.kulland.info",
      "type": "string"
    }
  },
  "resources": [
    {
      "mode": "data",
      "type": "azurerm_dns_zone",
      "name": "zone",
      "provider": "provider[\"registry.terraform.io/hashicorp/azurerm\"]",
      "instances": [
        {
          "schema_version": 0,
          "attributes": {
            "id": "/subscriptions/4bd08e66-f1da-40f0-9de0-237567f7e61b/resourceGroups/kulland-dns/providers/Microsoft.Network/dnsZones/kulland.info",
            "max_number_of_record_sets": 10000,
            "name": "kulland.info",
            "name_servers": [
              "ns1-05.azure-dns.com.",
              "ns2-05.azure-dns.net.",
              "ns3-05.azure-dns.org.",
              "ns4-05.azure-dns.info."
            ],
            "number_of_record_sets": 4,
            "resource_group_name": "kulland-dns",
            "tags": {
              "Email": "g.kulland@f5.com",
              "owner": "Gage Kulland"
            },
            "timeouts": null
          },
          "sensitive_attributes": [],
          "identity_schema_version": 0
        }
      ]
    },
    {
      "mode": "data",
      "type": "azurerm_resource_group",
      "name": "kulland_dns",
      "provider": "provider[\"registry.terraform.io/hashicorp/azurerm\"]",
      "instances": [
        {
          "schema_version": 0,
          "attributes": {
            "id": "/subscriptions/4bd08e66-f1da-40f0-9de0-237567f7e61b/resourceGroups/kulland-dns",
            "location": "westus2",
            "managed_by": "",
            "name": "kulland-dns",
            "tags": {},
            "timeouts": null
          },
          "sensitive_attributes": [],
          "identity_schema_version": 0
        }
      ]
    },
    {
      "mode": "managed",
      "type": "azurerm_dns_a_record",
      "name": "nginx-ubuntu",
      "provider": "provider[\"registry.terraform.io/hashicorp/azurerm\"]",
      "instances": [
        {
          "schema_version": 1,
          "attributes": {
            "fqdn": "nginx-ubuntu.kulland.info.",
            "id": "/subscriptions/4bd08e66-f1da-40f0-9de0-237567f7e61b/resourceGroups/kulland-dns/providers/Microsoft.Network/dnsZones/kulland.info/A/nginx-ubuntu",
            "name": "nginx-ubuntu",
            "records": [
              "4.155.55.93"
            ],
            "resource_group_name": "kulland-dns",
            "tags": null,
            "target_resource_id": "",
            "timeouts": null,
            "ttl": 60,
            "zone_name": "kulland.info"
          },
          "sensitive_attributes": [],
          "identity_schema_version": 0,
          "private": "eyJlMmJmYjczMC1lY2FhLTExZTYtOGY4OC0zNDM2M2JjN2M0YzAiOnsiY3JlYXRlIjoxODAwMDAwMDAwMDAwLCJkZWxldGUiOjE4MDAwMDAwMDAwMDAsInJlYWQiOjMwMDAwMDAwMDAwMCwidXBkYXRlIjoxODAwMDAwMDAwMDAwfSwic2NoZW1hX3ZlcnNpb24iOiIxIn0=",
          "dependencies": [
            "azurerm_public_ip.management_pubip",
            "azurerm_resource_group.rg",
            "data.azurerm_dns_zone.zone",
            "data.azurerm_resource_group.kulland_dns"
          ]
        }
      ]
    },
    {
      "mode": "managed",
      "type": "azurerm_linux_virtual_machine",
      "name": "kulland_ubuntu_vm",
      "provider": "provider[\"registry.terraform.io/hashicorp/azurerm\"]",
      "instances": [
        {
          "schema_version": 0,
          "attributes": {
            "additional_capabilities": [],
            "admin_password": "WOLF0359ab@",
            "admin_ssh_key": [
              {
                "public_key": "ssh-rsa AAAAB3NzaC1yc2EAAAADAQABAAACAQDqGffhrEN65uGjd34XKs27Ne33LtK4wul5MtrsZ1Tnl8sTgKRqkwNMNWKqA8UFta3lrJ0ejDle/y+rJ+73iZuX1w/xuNuGeug3Am7fxJIxzLMxbHR3PlrvQ5C/qLhWBcs5b0dCAjRuS8NxLPw4EzxgoNLFewZYdHzhZg+UvGhgd4asxrp7gQCdcSwBj+LiBP2IUDQeaSfzcOwjVpE7akteFs3ub2BYBl1aU3YXE0HIP9mt5kdX9V9oQcXCR+cT0oZfQNgxn5IU0H6LEasL3sI2kMAqWt9HQe4Fo1VpKAsvTjC4r/QQPB0CrKs04Lb1TknqvzTB/etdFc1YzK37Epzbvsqddka+dHFUPivT1CLrmoBSEyTGe4XeyfWWjNKjG9/PwkQGUYw/jJwIPmsIBqUaIOUBy2CYdQTvf+cvlMUayDlkGO5L5ekpElUFzqIIOmsDFSS+lm4ILTsP26lqPzZU7WoOs+tLrJDuSi+PYEDniaARffrHXSyTGxJTfgGV5Oi3cW73KQevkXgfW/XEi4EC/x/klzaC0ChS/52G9+VpuzR08s+btaeV0x3PIfF7Xixz5DGjvbeH/P+KeGSN67FRnHLgb6bFG9mCAbJ6bBjSICcBZEzTNS6WwycfHJb8FJzD8NUMf10DTWNXQmgVjgtdoFe62mAJ4pumEgt7VBQWVQ== kulland@954K284\n",
                "username": "kulland"
              }
            ],
            "admin_username": "kulland",
            "allow_extension_operations": true,
            "availability_set_id": "",
            "boot_diagnostics": [
              {
                "storage_account_uri": "https://diagead461d9.blob.core.windows.net/"
              }
            ],
            "bypass_platform_safety_checks_on_user_schedule_enabled": false,
            "capacity_reservation_group_id": "",
            "computer_name": "n1-server",
            "custom_data": "IyEvYmluL2Jhc2gNCg0Kc3VkbyBhcHQgdXBkYXRlIC15DQpzdWRvIGFwdCB1cGdyYWRlIC15DQpzdWRvIGFwdC1nZXQgaW5zdGFsbCAteSBuZXQtdG9vbHMgY3VybCB1bnppcCBnaXQNCg0KcGluZyAtYyA1IDEyNy4wLjAuMQ0KDQojIC0tLS0tLS0tLS0tLS0tLS0tLS0tLS0tLS0tLS0tLS0tLS0tLS0tLS0tLS0tLS0tLS0tLS0tLS0tLS0tLS0tLS0tLS0tDQojIERvY2tlciBpbnN0YWxsYXRpb24NCiMgLS0tLS0tLS0tLS0tLS0tLS0tLS0tLS0tLS0tLS0tLS0tLS0tLS0tLS0tLS0tLS0tLS0tLS0tLS0tLS0tLS0tLS0tLS0NCnN1ZG8gaW5zdGFsbCAtbSAwNzU1IC1kIC9ldGMvYXB0L2tleXJpbmdzDQpzdWRvIGN1cmwgLWZzU0wgaHR0cHM6Ly9kb3dubG9hZC5kb2NrZXIuY29tL2xpbnV4L3VidW50dS9ncGcgLW8gL2V0Yy9hcHQva2V5cmluZ3MvZG9ja2VyLmFzYw0Kc3VkbyBjaG1vZCBhK3IgL2V0Yy9hcHQva2V5cmluZ3MvZG9ja2VyLmFzYw0KDQplY2hvIFwNCiAgImRlYiBbYXJjaD0kKGRwa2cgLS1wcmludC1hcmNoaXRlY3R1cmUpIHNpZ25lZC1ieT0vZXRjL2FwdC9rZXlyaW5ncy9kb2NrZXIuYXNjXSBodHRwczovL2Rvd25sb2FkLmRvY2tlci5jb20vbGludXgvdWJ1bnR1IFwNCiAgJCguIC9ldGMvb3MtcmVsZWFzZSAmJiBlY2hvICIkVkVSU0lPTl9DT0RFTkFNRSIpIHN0YWJsZSIgfCBcDQogIHN1ZG8gdGVlIC9ldGMvYXB0L3NvdXJjZXMubGlzdC5kL2RvY2tlci5saXN0ID4gL2Rldi9udWxsOw0KDQpzdWRvIGFwdCB1cGRhdGUgLXkNCnN1ZG8gYXB0LWdldCBpbnN0YWxsIC15IGRvY2tlci1jZSBkb2NrZXItY2UtY2xpIGNvbnRhaW5lcmQuaW8gZG9ja2VyLWJ1aWxkeC1wbHVnaW4gZG9ja2VyLWNvbXBvc2UtcGx1Z2luDQplY2hvICJJbnN0YWxsIERvbmUiID4gaW5zdGFsbF9kb25lLnR4dDsNCg0Kc3VkbyBzZXJ2aWNlIGRvY2tlciBzdGFydA0KIyBhZGQgeW91ciB1c2VyIHRvIGRvY2tlciBncm91cCAoYWRqdXN0IGlmIHlvdXIgYWRtaW4gdXNlcm5hbWUgZGlmZmVycykNCnN1ZG8gdXNlcm1vZCAtYSAtRyBkb2NrZXIgImt1bGxhbmQiIHx8IHRydWUNCnN1ZG8gc2VydmljZSBkb2NrZXIgcmVzdGFydA0KDQojIC0tLS0tLS0tLS0tLS0tLS0tLS0tLS0tLS0tLS0tLS0tLS0tLS0tLS0tLS0tLS0tLS0tLS0tLS0tLS0tLS0tLS0tLS0tDQojIEY1IFdBRiBmb3IgTkdJTlggaW5zdGFsbGF0aW9uDQojIC0tLS0tLS0tLS0tLS0tLS0tLS0tLS0tLS0tLS0tLS0tLS0tLS0tLS0tLS0tLS0tLS0tLS0tLS0tLS0tLS0tLS0tLS0tDQpwcmludGYgImRlYiBbc2lnbmVkLWJ5PS91c3Ivc2hhcmUva2V5cmluZ3MvbmdpbngtYXJjaGl2ZS1rZXlyaW5nLmdwZ10gXA0KaHR0cHM6Ly9wa2dzLm5naW54LmNvbS9hcHAtcHJvdGVjdC14LXBsdXMvdWJ1bnR1IGBsc2JfcmVsZWFzZSAtY3NgIG5naW54LXBsdXNcbiIgfCBcDQpzdWRvIHRlZSAvZXRjL2FwdC9zb3VyY2VzLmxpc3QuZC9uZ2lueC1hcHAtcHJvdGVjdC5saXN0DQoNCnN1ZG8gYXB0LWdldCB1cGRhdGUgLXkNCnN1ZG8gYXB0LWdldCBpbnN0YWxsIGFwcC1wcm90ZWN0LW1vZHVsZS1wbHVzIC15DQoNCnN1ZG8gbWtkaXIgLXAgL29wdC9hcHBfcHJvdGVjdC9jb25maWcgL29wdC9hcHBfcHJvdGVjdC9iZF9jb25maWcNCnN1ZG8gY2hvd24gLVIgMTAxOjEwMSAvb3B0L2FwcF9wcm90ZWN0Lw0KDQojIC0tLS0tLS0tLS0tLS0tLS0tLS0tLS0tLS0tLS0tLS0tLS0tLS0tLS0tLS0tLS0tLS0tLS0tLS0tLS0tLS0tLS0tLS0tDQojIFJlZ2lzdHJ5IGxvZ2luIChhcyB5b3UgaGFkKQ0KIyAtLS0tLS0tLS0tLS0tLS0tLS0tLS0tLS0tLS0tLS0tLS0tLS0tLS0tLS0tLS0tLS0tLS0tLS0tLS0tLS0tLS0tLS0tLQ0KDQpzdWRvIGRvY2tlciBsb2dpbiBwcml2YXRlLXJlZ2lzdHJ5Lm5naW54LmNvbSAtLXVzZXJuYW1lPSJleUpoYkdjaU9pSlNVelV4TWlJc0luUjVjQ0k2SWtwWFZDSXNJbXRwWkNJNkluWXhJaXdpYW10MUlqb2lhSFIwY0hNNkx5OXdjbTlrZFdOMExtRndhWE11WmpVdVkyOXRMMlZsTDNZeEwydGxlWE12YW5kcmN5SjkuZXlKemRXSWlPaUpHVGtrdE9UY3pZemswWkdVdFlqa3pZUzAwTkRZMUxXSXdOMkl0TlRFMFlUQXdNamxqTURVNElpd2lhV0YwSWpveE56STJOemcwT1RJNExDSnBjM01pT2lKR05TQkpibU11SWl3aVlYVmtJam9pZFhKdU9tWTFPblJsWlcwaUxDSnFkR2tpT2lJNFlUQmhOakkzTUMwM05tUTJMVEV4WldZdE9XUTRPUzFsT1RVNVlUaGlPREJsTmpVaUxDSm1OVjl2Y21SbGNsOTBlWEJsSWpvaWNHRnBaQ0lzSW1ZMVgzTmhkQ0k2TVRjNE16a3dNRGd3TUgwLk9XbkZsbTZuRTVPYlhtXzF5TzNRTmdXeEt5aEYwQW4zc0dxUzhqYTFBU1hjczFWUXdEVFBsN0tDUUdSSFVmQ3drTjVsVEhuNUFnQzJ0NVhhTGNVWTFmTjV6cGtPZVdFN0JWTGpoc3lMOU0zUDJHdUdHZjJoNndjSWJiRkNzcm92MVFWSk9OemVTX3ZHbHBJRnVJWWFoVHZZd0ZGTmJBU1RrNWRVV2lKUEoydXh0SmZhQ2ZWNUNHR2ZxcWV3RFpyUEVxVmVjY0lNNDdCT2ZpVlZKV1piVUZjTXAtQ2J1UEV5cUF5Ul9aclktaTI2TlVlUU9KMTNSRDg5OUpEbEJRZXB1TTllbzE0Sm1naXpaQUprWllHbi1zbDFveDM5Z2pGbFo0QnlkeW9ZSXl4WS1DTi1PNnRZa2pTZzJMWWtUWnU4eGl2cElBVjdpNmY3SDhuemNXd3BWbE1YaGdfb19VOEdGaUFTMi1EdWdqVFFOMXJXOXFmejU2RGNBRmktQTc5enlYOVl2dkxoZC03V0hNUDdmMHk3M29QaHF4UkI2RHU1aE5LX0JCZ2dIV0pBZ29oRnJsUlQzS0tVNWR1WktkZkxFRXFwYlhIcDBxVWlobVk3bmVSeEFodGRBS2JqNEt5aldLb19wV0pndlhxVnQwYUlTMUlvQU9EbmVCdFdwby0zcWQycnBMMjhtY2MxVEpaVmg2V3dORG45ZTlxc2d2YlVCZTVLaXBteGQwZHJORVJqc0hqT0VGVUMyTjNzVk95NFVHVkFJMTRhUWFGeVZ4TldHd291NHhOWVdRQ25MamxGNXYyRmtkMjgxMWhxYzF6ME5Wei0tSjFOZlc5MldKOEZpeXR1eEZwdVFUZ29MT1pRNW1CYTZVaWdUZjlQX2dFZVFnT3h3OHI0akFJIiAtLXBhc3N3b3JkPW5vbmUNCg0KIyAtLS0tLS0tLS0tLS0tLS0tLS0tLS0tLS0tLS0tLS0tLS0tLS0tLS0tLS0tLS0tLS0tLS0tLS0tLS0tLS0tLS0tLS0tLQ0KIyBXb3JraW5nIGRpcmVjdG9yeSBmb3IgY29tcG9zZSBhbmQgcHVsbGVkIGNvbmZpZ3MNCiMgLS0tLS0tLS0tLS0tLS0tLS0tLS0tLS0tLS0tLS0tLS0tLS0tLS0tLS0tLS0tLS0tLS0tLS0tLS0tLS0tLS0tLS0tLS0NCnN1ZG8gbWtkaXIgLXAgL29wdC9uZ2lueC9uZ2lueC1vbmUNCnN1ZG8gdGVlIC9vcHQvbmdpbngvbmdpbngtb25lL2RvY2tlci1jb21wb3NlLnltbCA+IC9kZXYvbnVsbCA8PCdFT0YnDQojDQojDQojDQpzZXJ2aWNlczoNCiAgcGx1czE6ICMgQWxwaW5lIE5HSU5YIFBsdXMgV2ViIC8gTG9hZCBCYWxhbmNlcg0KICAgIGVudmlyb25tZW50Og0KICAgICAgTkdJTlhfQUdFTlRfU0VSVkVSX0hPU1Q6ICdhZ2VudC5jb25uZWN0Lm5naW54LmNvbScNCiAgICAgIE5HSU5YX0FHRU5UX1NFUlZFUl9HUlBDUE9SVDogJzQ0MycNCiAgICAgIE5HSU5YX0FHRU5UX1RMU19FTkFCTEU6ICd0cnVlJw0KICAgICAgTkdJTlhfQUdFTlRfU0VSVkVSX1RPS0VOOiAkVE9LRU4gIyBEYXRha2V5IEZyb20gT25lIENvbnNvbGUNCiAgICAgIE5HSU5YX0FHRU5UX0lOU1RBTkNFX0dST1VQOiAkTkFNRS1zeW5jLWdyb3VwDQogICAgaG9zdG5hbWU6ICROQU1FLXBsdXMxDQogICAgY29udGFpbmVyX25hbWU6ICROQU1FLXBsdXMxDQogICAgI2ltYWdlOiBwcml2YXRlLXJlZ2lzdHJ5Lm5naW54LmNvbS9uZ2lueC1wbHVzL2FnZW50Om5naW54LXBsdXMtcjMyLWFscGluZS0zLjIwLTIwMjQwNjEzICMgQ1ZFIC0gRnJvbSBOZ2lueCBQcml2YXRlIFJlZ2lzdHJ5DQogICAgaW1hZ2U6IHByaXZhdGUtcmVnaXN0cnkubmdpbnguY29tL25naW54LXBsdXMvYWdlbnQ6bmdpbngtcGx1cy1yMzUtYWxwaW5lLTMuMjIgIyBDVkUgLSBGcm9tIE5naW54IFByaXZhdGUgUmVnaXN0cnkNCiAgICB2b2x1bWVzOiAjIFN5bmMgdGhlc2UgZm9sZGVycyB0byBjb250YWluZXINCiAgICAgIC0gLi9uZ2lueC1wbHVzL2V0Yy9uZ2lueC9uZ2lueC5jb25mOi9ldGMvbmdpbngvbmdpbnguY29uZg0KICAgICAgLSAuL25naW54LXBsdXMvZXRjL25naW54L2NvbmYuZDovZXRjL25naW54L2NvbmYuZA0KICAgICAgLSAuL25naW54LXBsdXMvZXRjL25naW54L2luY2x1ZGVzOi9ldGMvbmdpbngvaW5jbHVkZXMNCiAgICAgIC0gLi9uZ2lueC1wbHVzL3Vzci9zaGFyZS9uZ2lueC9odG1sOi91c3Ivc2hhcmUvbmdpbngvaHRtbA0KICAgICAgLSAuL25naW54LXJlcG8uand0Oi9ldGMvbmdpbngvbGljZW5zZS5qd3QNCiAgICBwb3J0czoNCiAgICAgIC0gJzE3Mi4yMC4yLjEwMDo4MDo4MCcgIyBPcGVuIGZvciBIVFRQDQogICAgICAtICcxNzIuMjAuMi4xMDA6NDQzOjQ0MycgIyBPcGVuIGZvciBIVFRQUw0KICAgICAgLSAnMTcyLjIwLjIuMTAwOjkwMDA6OTAwMCcgIyBPcGVuIGZvciBzdHViIHN0YXR1cyBwYWdlDQogICAgICAtICcxNzIuMjAuMi4xMDA6OTExMzo5MTEzJyAjIE9wZW4gZm9yIFByb21ldGhldXMgU2NyYXBlciBwYWdlDQogICAgcmVzdGFydDogYWx3YXlzDQogICMNCiAgcGx1czI6ICMgQWxwaW5lIE5HSU5YIFBsdXMgV2ViIC8gTG9hZCBCYWxhbmNlcg0KICAgIGVudmlyb25tZW50Og0KICAgICAgTkdJTlhfQUdFTlRfU0VSVkVSX0hPU1Q6ICdhZ2VudC5jb25uZWN0Lm5naW54LmNvbScNCiAgICAgIE5HSU5YX0FHRU5UX1NFUlZFUl9HUlBDUE9SVDogJzQ0MycNCiAgICAgIE5HSU5YX0FHRU5UX1RMU19FTkFCTEU6ICd0cnVlJw0KICAgICAgTkdJTlhfQUdFTlRfU0VSVkVSX1RPS0VOOiAkVE9LRU4gIyBEYXRha2V5IEZyb24gTmdpbnggT25lIENvbnNvbGUNCiAgICAgIE5HSU5YX0FHRU5UX0lOU1RBTkNFX0dST1VQOiAkTkFNRS1zeW5jLWdyb3VwDQogICAgaG9zdG5hbWU6ICROQU1FLXBsdXMyDQogICAgY29udGFpbmVyX25hbWU6ICROQU1FLXBsdXMyDQogICAgI2ltYWdlOiBwcml2YXRlLXJlZ2lzdHJ5Lm5naW54LmNvbS9uZ2lueC1wbHVzL2FnZW50Om5naW54LXBsdXMtcjMxLWFscGluZS0zLjE5LTIwMjQwNTIyICMgQ1ZFIC0gRnJvbSBOZ2lueCBQcml2YXRlIFJlZ2lzdHJ5DQogICAgaW1hZ2U6IHByaXZhdGUtcmVnaXN0cnkubmdpbnguY29tL25naW54LXBsdXMvYWdlbnQ6bmdpbngtcGx1cy1yMzUtYWxwaW5lLTMuMjINCiAgICB2b2x1bWVzOiAjIFN5bmMgdGhlc2UgZm9sZGVycyB0byBjb250YWluZXINCiAgICAgIC0gLi9uZ2lueC1wbHVzL2V0Yy9uZ2lueC9uZ2lueC5jb25mOi9ldGMvbmdpbngvbmdpbnguY29uZg0KICAgICAgLSAuL25naW54LXBsdXMvZXRjL25naW54L2NvbmYuZDovZXRjL25naW54L2NvbmYuZA0KICAgICAgLSAuL25naW54LXBsdXMvZXRjL25naW54L2luY2x1ZGVzOi9ldGMvbmdpbngvaW5jbHVkZXMNCiAgICAgIC0gLi9uZ2lueC1wbHVzL3Vzci9zaGFyZS9uZ2lueC9odG1sOi91c3Ivc2hhcmUvbmdpbngvaHRtbCAgICAgIA0KICAgICAgLSAuL25naW54LXJlcG8uand0Oi9ldGMvbmdpbngvbGljZW5zZS5qd3QNCiAgICBwb3J0czoNCiAgICAgIC0gJzE3Mi4yMC4yLjEwMTo4MDo4MCcgIyBPcGVuIGZvciBIVFRQDQogICAgICAtICcxNzIuMjAuMi4xMDE6NDQzOjQ0MycgIyBPcGVuIGZvciBIVFRQUw0KICAgICAgLSAnMTcyLjIwLjIuMTAxOjkwMDA6OTAwMCcgIyBPcGVuIGZvciBBUEkgLyBEYXNoYm9hcmQgcGFnZQ0KICAgICAgLSAnMTcyLjIwLjIuMTAxOjkxMTM6OTExMycgIyBPcGVuIGZvciBQcm9tZXRoZXVzIFNjcmFwZXIgcGFnZQ0KICAgIHJlc3RhcnQ6IGFsd2F5cw0KICAjDQogIHBsdXMzOiAjIFJIRUwgVUJJIE5HSU5YIFBsdXMgV2ViIC8gTG9hZCBCYWxhbmNlcg0KICAgIGVudmlyb25tZW50Og0KICAgICAgTkdJTlhfQUdFTlRfU0VSVkVSX0hPU1Q6ICdhZ2VudC5jb25uZWN0Lm5naW54LmNvbScNCiAgICAgIE5HSU5YX0FHRU5UX1NFUlZFUl9HUlBDUE9SVDogJzQ0MycNCiAgICAgIE5HSU5YX0FHRU5UX1RMU19FTkFCTEU6ICd0cnVlJw0KICAgICAgTkdJTlhfQUdFTlRfU0VSVkVSX1RPS0VOOiAkVE9LRU4gIyBEYXRha2V5IEZyb24gTmdpbnggT25lIENvbnNvbGUNCiAgICAgICMgTkdJTlhfQUdFTlRfSU5TVEFOQ0VfR1JPVVA6ICROQU1FLXN5bmMtZ3JvdXANCiAgICBob3N0bmFtZTogJE5BTUUtcGx1czMNCiAgICBjb250YWluZXJfbmFtZTogJE5BTUUtcGx1czMNCiAgICAjaW1hZ2U6IHByaXZhdGUtcmVnaXN0cnkubmdpbnguY29tL25naW54LXBsdXMvYWdlbnQ6bmdpbngtcGx1cy1yMzEtdWJpLTktMjAyNDA1MjIgIyBGcm9tIE5naW54IFByaXZhdGUgUmVnaXN0cnkNCiAgICBpbWFnZTogcHJpdmF0ZS1yZWdpc3RyeS5uZ2lueC5jb20vbmdpbngtcGx1cy9hZ2VudDpuZ2lueC1wbHVzLXIzMS11YmktOS0yMDI0MDUyMg0KICAgIHZvbHVtZXM6ICMgU3luYyB0aGVzZSBmb2xkZXJzIHRvIGNvbnRhaW5lcg0KICAgICAgLSAuL25naW54LXBsdXMvZXRjL25naW54L25naW54LmNvbmY6L2V0Yy9uZ2lueC9uZ2lueC5jb25mDQogICAgICAtIC4vbmdpbngtcGx1cy9ldGMvbmdpbngvY29uZi5kOi9ldGMvbmdpbngvY29uZi5kDQogICAgICAtIC4vbmdpbngtcGx1cy9ldGMvbmdpbngvaW5jbHVkZXM6L2V0Yy9uZ2lueC9pbmNsdWRlcw0KICAgICAgLSAuL25naW54LXBsdXMvdXNyL3NoYXJlL25naW54L2h0bWw6L3Vzci9zaGFyZS9uZ2lueC9odG1sDQogICAgICAtIC4vbmdpbngtcmVwby5qd3Q6L2V0Yy9uZ2lueC9saWNlbnNlLmp3dA0KICAgIHBvcnRzOg0KICAgICAgLSAnMTcyLjIwLjIuMTAyOjgwOjgwJyAjIE9wZW4gZm9yIEhUVFANCiAgICAgIC0gJzE3Mi4yMC4yLjEwMjo0NDM6NDQzJyAjIE9wZW4gZm9yIEhUVFBTDQogICAgICAtICcxNzIuMjAuMi4xMDI6OTAwMDo5MDAwJyAjIE9wZW4gZm9yIEFQSSAvIERhc2hib2FyZCBwYWdlDQogICAgICAtICcxNzIuMjAuMi4xMDI6OTExMzo5MTEzJyAjIE9wZW4gZm9yIFByb21ldGhldXMgU2NyYXBlciBwYWdlDQogICAgcmVzdGFydDogYWx3YXlzDQogICMNCiAgb3NzMTogIyBEZWJpYW4gTkdJTlggT1NTIFdlYiAvIExvYWQgQmFsYW5jZXINCiAgICBlbnZpcm9ubWVudDoNCiAgICAgIE5HSU5YX0FHRU5UX1NFUlZFUl9IT1NUOiAnYWdlbnQuY29ubmVjdC5uZ2lueC5jb20nDQogICAgICBOR0lOWF9BR0VOVF9TRVJWRVJfR1JQQ1BPUlQ6ICc0NDMnDQogICAgICBOR0lOWF9BR0VOVF9UTFNfRU5BQkxFOiAndHJ1ZScNCiAgICAgIE5HSU5YX0FHRU5UX1NFUlZFUl9UT0tFTjogJFRPS0VOICMgRGF0YWtleSBGcm9uIE5naW54IE9uZSBDb25zb2xlDQogICAgaG9zdG5hbWU6ICROQU1FLW9zczENCiAgICBjb250YWluZXJfbmFtZTogJE5BTUUtb3NzMQ0KICAgIGltYWdlOiBkb2NrZXItcmVnaXN0cnkubmdpbnguY29tL25naW54L2FnZW50Om1haW5saW5lICMgRnJvbSBEb2NrZXIgUHVibGljIFJlZ2lzdHJ5DQogICAgdm9sdW1lczogIyBTeW5jIHRoZXNlIGZvbGRlcnMgdG8gY29udGFpbmVyDQogICAgICAtIC4vbmdpbngtb3NzL2V0Yy9uZ2lueC9uZ2lueC5jb25mOi9ldGMvbmdpbngvbmdpbnguY29uZg0KICAgICAgLSAuL25naW54LW9zcy9ldGMvbmdpbngvY29uZi5kOi9ldGMvbmdpbngvY29uZi5kDQogICAgICAtIC4vbmdpbngtb3NzL2V0Yy9uZ2lueC9pbmNsdWRlczovZXRjL25naW54L2luY2x1ZGVzDQogICAgICAtIC4vbmdpbngtb3NzL2V0Yy9zc2wvbmdpbng6L2V0Yy9zc2wvbmdpbngNCiAgICAgIC0gLi9uZ2lueC1vc3MvdXNyL3NoYXJlL25naW54L2h0bWw6L3Vzci9zaGFyZS9uZ2lueC9odG1sDQogICAgcG9ydHM6DQogICAgICAtICcxNzIuMjAuMi4xMDM6ODA6ODAnICMgT3BlbiBmb3IgSFRUUA0KICAgICAgLSAnMTcyLjIwLjIuMTAzOjQ0Mzo0NDMnICMgT3BlbiBmb3IgSFRUUFMNCiAgICAgIC0gJzE3Mi4yMC4yLjEwMzo5MDAwOjkwMDAnICMgT3BlbiBmb3Igc3R1YiBzdGF0dXMgcGFnZQ0KICAgICAgLSAnMTcyLjIwLjIuMTAzOjkxMTM6OTExMycgIyBPcGVuIGZvciBQcm9tZXRoZXVzIFNjcmFwZXIgcGFnZQ0KICAgIHJlc3RhcnQ6IGFsd2F5cw0KICAjDQogIG9zczI6ICMgQWxwaW5lIE5HSU5YIE9TUyBXZWIgLyBMb2FkIEJhbGFuY2VyDQogICAgZW52aXJvbm1lbnQ6DQogICAgICBOR0lOWF9BR0VOVF9TRVJWRVJfSE9TVDogJ2FnZW50LmNvbm5lY3QubmdpbnguY29tJw0KICAgICAgTkdJTlhfQUdFTlRfU0VSVkVSX0dSUENQT1JUOiAnNDQzJw0KICAgICAgTkdJTlhfQUdFTlRfVExTX0VOQUJMRTogJ3RydWUnDQogICAgICBOR0lOWF9BR0VOVF9TRVJWRVJfVE9LRU46ICRUT0tFTiAjIERhdGFrZXkgRnJvbiBOZ2lueCBPbmUgQ29uc29sZQ0KICAgIGhvc3RuYW1lOiAkTkFNRS1vc3MyDQogICAgY29udGFpbmVyX25hbWU6ICROQU1FLW9zczINCiAgICBpbWFnZTogZG9ja2VyLXJlZ2lzdHJ5Lm5naW54LmNvbS9uZ2lueC9hZ2VudDphbHBpbmUgIyBGcm9tIERvY2tlciBQdWJsaWMgUmVnaXN0cnkNCiAgICB2b2x1bWVzOiAjIFN5bmMgdGhlc2UgZm9sZGVycyB0byBjb250YWluZXINCiAgICAgIC0gLi9uZ2lueC1vc3MvZXRjL25naW54L25naW54LmNvbmY6L2V0Yy9uZ2lueC9uZ2lueC5jb25mDQogICAgICAtIC4vbmdpbngtb3NzL2V0Yy9uZ2lueC9jb25mLmQ6L2V0Yy9uZ2lueC9jb25mLmQNCiAgICAgIC0gLi9uZ2lueC1vc3MvZXRjL25naW54L2luY2x1ZGVzOi9ldGMvbmdpbngvaW5jbHVkZXMNCiAgICAgIC0gLi9uZ2lueC1vc3MvZXRjL3NzbC9uZ2lueDovZXRjL3NzbC9uZ2lueA0KICAgICAgLSAuL25naW54LW9zcy91c3Ivc2hhcmUvbmdpbngvaHRtbDovdXNyL3NoYXJlL25naW54L2h0bWwNCiAgICBwb3J0czoNCiAgICAgIC0gJzE3Mi4yMC4yLjEwNDo4MDo4MCcgIyBPcGVuIGZvciBIVFRQDQogICAgICAtICcxNzIuMjAuMi4xMDQ6NDQzOjQ0MycgIyBPcGVuIGZvciBIVFRQUw0KICAgICAgLSAnMTcyLjIwLjIuMTA0OjkwMDA6OTAwMCcgIyBPcGVuIGZvciBzdHViIHN0YXR1cyBwYWdlDQogICAgICAtICcxNzIuMjAuMi4xMDQ6OTExMzo5MTEzJyAjIE9wZW4gZm9yIFByb21ldGhldXMgU2NyYXBlciBwYWdlDQogICAgcmVzdGFydDogYWx3YXlzDQogICAgIw0KICBvc3MzOiAjIE9sZGVyIEFscGluZSBOR0lOWCBPU1MgV2ViIC8gTG9hZCBCYWxhbmNlcg0KICAgIGVudmlyb25tZW50Og0KICAgICAgTkdJTlhfQUdFTlRfU0VSVkVSX0hPU1Q6ICdhZ2VudC5jb25uZWN0Lm5naW54LmNvbScNCiAgICAgIE5HSU5YX0FHRU5UX1NFUlZFUl9HUlBDUE9SVDogJzQ0MycNCiAgICAgIE5HSU5YX0FHRU5UX1RMU19FTkFCTEU6ICd0cnVlJw0KICAgICAgTkdJTlhfQUdFTlRfU0VSVkVSX1RPS0VOOiAkVE9LRU4gIyBEYXRha2V5IEZyb24gTmdpbnggT25lIENvbnNvbGUNCiAgICBob3N0bmFtZTogJE5BTUUtb3NzMw0KICAgIGNvbnRhaW5lcl9uYW1lOiAkTkFNRS1vc3MzDQogICAgaW1hZ2U6IGRvY2tlci1yZWdpc3RyeS5uZ2lueC5jb20vbmdpbngvYWdlbnQ6YWxwaW5lICMgRnJvbSBEb2NrZXIgUHVibGljIFJlZ2lzdHJ5DQogICAgdm9sdW1lczogIyBTeW5jIHRoZXNlIGZvbGRlcnMgdG8gY29udGFpbmVyDQogICAgICAtIC4vbmdpbngtb3NzL2V0Yy9uZ2lueC9uZ2lueC5jb25mOi9ldGMvbmdpbngvbmdpbnguY29uZg0KICAgICAgLSAuL25naW54LW9zcy9ldGMvbmdpbngvY29uZi5kOi9ldGMvbmdpbngvY29uZi5kDQogICAgICAtIC4vbmdpbngtb3NzL2V0Yy9uZ2lueC9pbmNsdWRlczovZXRjL25naW54L2luY2x1ZGVzDQogICAgICAtIC4vbmdpbngtb3NzL2V0Yy9zc2wvbmdpbng6L2V0Yy9zc2wvbmdpbngNCiAgICAgIC0gLi9uZ2lueC1vc3MvdXNyL3NoYXJlL25naW54L2h0bWw6L3Vzci9zaGFyZS9uZ2lueC9odG1sDQogICAgcG9ydHM6DQogICAgICAtICcxNzIuMjAuMi4xMDU6ODA6ODAnICMgT3BlbiBmb3IgSFRUUA0KICAgICAgLSAnMTcyLjIwLjIuMTA1OjQ0Mzo0NDMnICMgT3BlbiBmb3IgSFRUUFMNCiAgICAgIC0gJzE3Mi4yMC4yLjEwNTo5MDAwOjkwMDAnICMgT3BlbiBmb3Igc3R1YiBzdGF0dXMgcGFnZQ0KICAgICAgLSAnMTcyLjIwLjIuMTA1OjkxMTM6OTExMycgIyBPcGVuIGZvciBQcm9tZXRoZXVzIFNjcmFwZXIgcGFnZQ0KICAgIHJlc3RhcnQ6IGFsd2F5cw0KICAjDQogIG5naW54LXdhZi10ZXN0Og0KICAgIGVudmlyb25tZW50Og0KICAgICAgZW52X2ZpbGU6IC4vdmFyaWFibGVzLmVudg0KICAgICAgTkdJTlhfQUdFTlRfU0VSVkVSX0hPU1Q6ICdhZ2VudC5jb25uZWN0Lm5naW54LmNvbScNCiAgICAgIE5HSU5YX0FHRU5UX1NFUlZFUl9HUlBDUE9SVDogJzQ0MycNCiAgICAgIE5HSU5YX0FHRU5UX1RMU19FTkFCTEU6ICd0cnVlJw0KICAgICAgTkdJTlhfQUdFTlRfU0VSVkVSX1RPS0VOOiAkVE9LRU4gIyBEYXRha2V5IEZyb24gTmdpbnggT25lIENvbnNvbGUNCiAgICBjb250YWluZXJfbmFtZTogJE5BTUUtbmdpbngtd2FmLXRlc3QNCiAgICBpbWFnZTogcHJpdmF0ZS1yZWdpc3RyeS5uZ2lueC5jb20vbmdpbngtcGx1cy9hZ2VudDpyMzUtZGViaWFuDQogICAgdm9sdW1lczoNCiAgICAtIC9vcHQvYXBwX3Byb3RlY3QvYmRfY29uZmlnOi9vcHQvYXBwX3Byb3RlY3QvYmRfY29uZmlnDQogICAgLSAvb3B0L2FwcF9wcm90ZWN0L2NvbmZpZzovb3B0L2FwcF9wcm90ZWN0L2NvbmZpZw0KICAgIC0gL2V0Yy9hcHBfcHJvdGVjdC9jb25mOi9ldGMvYXBwX3Byb3RlY3QvY29uZg0KICAgIC0gLi9uZ2lueC1wbHVzL2V0Yy9uZ2lueC9uZ2lueC5jb25mOi9ldGMvbmdpbngvbmdpbnguY29uZg0KICAgIC0gLi9uZ2lueC1wbHVzL2V0Yy9uZ2lueC9jb25mLmQ6L2V0Yy9uZ2lueC9jb25mLmQNCiAgICAtIC4vbmdpbngtcGx1cy9ldGMvbmdpbngvaW5jbHVkZXM6L2V0Yy9uZ2lueC9pbmNsdWRlcw0KICAgIC0gLi9uZ2lueC1wbHVzL3Vzci9zaGFyZS9uZ2lueC9odG1sOi91c3Ivc2hhcmUvbmdpbngvaHRtbA0KICAgIC0gLi9uZ2lueC1yZXBvLmp3dDovZXRjL25naW54L2xpY2Vuc2Uuand0ICMgT25seSBuZWNlc3Nhcnkgd2hlbiB1c2luZyBOR0lOWCBQbHVzDQogICAgbmV0d29ya3M6DQogICAgLSB3YWZfbmV0d29yaw0KICAgIHBvcnRzOg0KICAgICAgLSAnMTcyLjIwLjIuMTA2OjgwOjgwJyAjIE9wZW4gZm9yIEhUVFANCiAgICAgIC0gJzE3Mi4yMC4yLjEwNjo0NDM6NDQzJyAjIE9wZW4gZm9yIEhUVFBTDQogICAgICAtICcxNzIuMjAuMi4xMDY6OTAwMDo5MDAwJyAjIE9wZW4gZm9yIHN0dWIgc3RhdHVzIHBhZ2UNCiAgICAgIC0gJzE3Mi4yMC4yLjEwNjo5MTEzOjkxMTMnICMgT3BlbiBmb3IgUHJvbWV0aGV1cyBTY3JhcGVyIHBhZ2UNCiAgICByZXN0YXJ0OiBhbHdheXMNCiAgICAjDQogIHdlYjE6DQogICAgaG9zdG5hbWU6ICROQU1FLXdlYjENCiAgICBjb250YWluZXJfbmFtZTogJE5BTUUtd2ViMQ0KICAgIHBsYXRmb3JtOiBsaW51eC9hbWQ2NA0KICAgIGltYWdlOiBuZ2lueGluYy9pbmdyZXNzLWRlbW8gIyBJbWFnZSBmcm9tIERvY2tlciBIdWINCiAgICBwb3J0czoNCiAgICAgIC0gJzgwJyAjIE9wZW4gZm9yIEhUVFANCiAgICAgIC0gJzQ0MycgIyBPcGVuIGZvciBIVFRQUw0KICAgIHJlc3RhcnQ6IGFsd2F5cw0KICB3ZWIyOg0KICAgIGhvc3RuYW1lOiAkTkFNRS13ZWIyDQogICAgY29udGFpbmVyX25hbWU6ICROQU1FLXdlYjINCiAgICBwbGF0Zm9ybTogbGludXgvYW1kNjQNCiAgICBpbWFnZTogbmdpbnhpbmMvaW5ncmVzcy1kZW1vDQogICAgcG9ydHM6DQogICAgICAtICc4MCcNCiAgICAgIC0gJzQ0MycNCiAgICByZXN0YXJ0OiBhbHdheXMNCiAgd2ViMzoNCiAgICBob3N0bmFtZTogJE5BTUUtd2ViMw0KICAgIGNvbnRhaW5lcl9uYW1lOiAkTkFNRS13ZWIzDQogICAgcGxhdGZvcm06IGxpbnV4L2FtZDY0DQogICAgaW1hZ2U6IG5naW54aW5jL2luZ3Jlc3MtZGVtbw0KICAgIHBvcnRzOg0KICAgICAgLSAnODAnDQogICAgICAtICc0NDMnDQogICAgcmVzdGFydDogYWx3YXlzDQogICAgIw0KbmV0d29ya3M6DQogIHdhZl9uZXR3b3JrOg0KICAgIGRyaXZlcjogYnJpZGdlICANCkVPRg0Kc3VkbyB0ZWUgL29wdC9uZ2lueC9uZ2lueC1vbmUvdmFyaWFibGVzLmVudiA+IC9kZXYvbnVsbCA8PCdFT0YnDQpUT0tFTj01Z0d3MXVCK2phbnZZR1VGRURFT3Y4U3dpVXRHYk85eVFBTm1uWVM4NUxzPQ0KTkFNRT1nLWt1bGxhbmQNCg0KRU9GDQpzdWRvIHRlZSAvb3B0L25naW54L25naW54LW9uZS9uZ2lueC1yZXBvLmp3dCA+IC9kZXYvbnVsbCA8PCdFT0YnDQpleUpoYkdjaU9pSlNVelV4TWlJc0luUjVjQ0k2SWtwWFZDSXNJbXRwWkNJNkluWXhJaXdpYW10MUlqb2lhSFIwY0hNNkx5OXdjbTlrZFdOMExtRndhWE11WmpVdVkyOXRMMlZsTDNZeEwydGxlWE12YW5kcmN5SjkuZXlKemRXSWlPaUpHVGtrdE9UY3pZemswWkdVdFlqa3pZUzAwTkRZMUxXSXdOMkl0TlRFMFlUQXdNamxqTURVNElpd2lhV0YwSWpveE56STJOemcwT1RJNExDSnBjM01pT2lKR05TQkpibU11SWl3aVlYVmtJam9pZFhKdU9tWTFPblJsWlcwaUxDSnFkR2tpT2lJNFlUQmhOakkzTUMwM05tUTJMVEV4WldZdE9XUTRPUzFsT1RVNVlUaGlPREJsTmpVaUxDSm1OVjl2Y21SbGNsOTBlWEJsSWpvaWNHRnBaQ0lzSW1ZMVgzTmhkQ0k2TVRjNE16a3dNRGd3TUgwLk9XbkZsbTZuRTVPYlhtXzF5TzNRTmdXeEt5aEYwQW4zc0dxUzhqYTFBU1hjczFWUXdEVFBsN0tDUUdSSFVmQ3drTjVsVEhuNUFnQzJ0NVhhTGNVWTFmTjV6cGtPZVdFN0JWTGpoc3lMOU0zUDJHdUdHZjJoNndjSWJiRkNzcm92MVFWSk9OemVTX3ZHbHBJRnVJWWFoVHZZd0ZGTmJBU1RrNWRVV2lKUEoydXh0SmZhQ2ZWNUNHR2ZxcWV3RFpyUEVxVmVjY0lNNDdCT2ZpVlZKV1piVUZjTXAtQ2J1UEV5cUF5Ul9aclktaTI2TlVlUU9KMTNSRDg5OUpEbEJRZXB1TTllbzE0Sm1naXpaQUprWllHbi1zbDFveDM5Z2pGbFo0QnlkeW9ZSXl4WS1DTi1PNnRZa2pTZzJMWWtUWnU4eGl2cElBVjdpNmY3SDhuemNXd3BWbE1YaGdfb19VOEdGaUFTMi1EdWdqVFFOMXJXOXFmejU2RGNBRmktQTc5enlYOVl2dkxoZC03V0hNUDdmMHk3M29QaHF4UkI2RHU1aE5LX0JCZ2dIV0pBZ29oRnJsUlQzS0tVNWR1WktkZkxFRXFwYlhIcDBxVWlobVk3bmVSeEFodGRBS2JqNEt5aldLb19wV0pndlhxVnQwYUlTMUlvQU9EbmVCdFdwby0zcWQycnBMMjhtY2MxVEpaVmg2V3dORG45ZTlxc2d2YlVCZTVLaXBteGQwZHJORVJqc0hqT0VGVUMyTjNzVk95NFVHVkFJMTRhUWFGeVZ4TldHd291NHhOWVdRQ25MamxGNXYyRmtkMjgxMWhxYzF6ME5Wei0tSjFOZlc5MldKOEZpeXR1eEZwdVFUZ29MT1pRNW1CYTZVaWdUZjlQX2dFZVFnT3h3OHI0akFJDQpFT0YNCg0KIyAtLS0tLS0tLS0tLS0tLS0tLS0tLS0tLS0tLS0tLS0tLS0tLS0tLS0tLS0tLS0tLS0tLS0tLS0tLS0tLS0tLS0tLS0tLQ0KIyBQVUxMIE9OTFkgbGFicy9sYWIyL25naW54LW9zcyBhbmQgbGFicy9sYWIyL25naW54LXBsdXMgKHNwYXJzZSBjaGVja291dCkNCiMgUGxhY2VzIHRoZSB0d28gZm9sZGVycyBhdDogL29wdC9uZ2lueC9uZ2lueC1vbmUvbmdpbngtb3NzIGFuZCBuZ2lueC1wbHVzDQojIC0tLS0tLS0tLS0tLS0tLS0tLS0tLS0tLS0tLS0tLS0tLS0tLS0tLS0tLS0tLS0tLS0tLS0tLS0tLS0tLS0tLS0tLS0tDQoNCnBpbmcgLWMgNSAxMjcuMC4wLjENCg0KKA0KICBjZCAiL29wdC9uZ2lueC9uZ2lueC1vbmUiDQoNCiAgIyB0ZW1wIG1pbmltYWwgcmVwbyBmb3Igc3BhcnNlIGNoZWNrb3V0DQogIHJtIC1yZiBuZ2lueC1vbmUtd29ya3Nob3BzIHx8IHRydWUNCiAgZ2l0IGluaXQgbmdpbngtb25lLXdvcmtzaG9wcw0KICBjZCBuZ2lueC1vbmUtd29ya3Nob3BzDQogIGdpdCByZW1vdGUgYWRkIG9yaWdpbiAiaHR0cHM6Ly9naXRodWIuY29tL25naW54aW5jL25naW54LW9uZS13b3Jrc2hvcHMuZ2l0Ig0KICBnaXQgc3BhcnNlLWNoZWNrb3V0IGluaXQgLS1jb25lDQogIGdpdCBzcGFyc2UtY2hlY2tvdXQgc2V0IGxhYnMvbGFiMi9uZ2lueC1wbHVzIGxhYnMvbGFiMi9uZ2lueC1vc3MgDQogIGdpdCBmZXRjaCAtLWRlcHRoPTEgLS1maWx0ZXI9YmxvYjpub25lIG9yaWdpbiAibWFpbiINCiAgZ2l0IGNoZWNrb3V0ICJtYWluIg0KDQogICMgbW92ZSBvbmx5IHRoZSBkZXNpcmVkIGRpcnMgbmV4dCB0byBjb21wb3NlIGZpbGUNCiAgcm0gLXJmICIvb3B0L25naW54L25naW54LW9uZS9uZ2lueC1wbHVzIiAiL29wdC9uZ2lueC9uZ2lueC1vbmUvbmdpbngtb3NzIiB8fCB0cnVlDQogIG12IGxhYnMvbGFiMi9uZ2lueC1wbHVzICIvb3B0L25naW54L25naW54LW9uZS9uZ2lueC1wbHVzIg0KICBtdiBsYWJzL2xhYjIvbmdpbngtb3NzICAiL29wdC9uZ2lueC9uZ2lueC1vbmUvbmdpbngtb3NzIg0KDQogICMgY2xlYW51cCB0ZW1wIHJlcG8NCiAgY2QgIi9vcHQvbmdpbngvbmdpbngtb25lIg0KICBybSAtcmYgbmdpbngtb25lLXdvcmtzaG9wcw0KKQ0KDQpzdWRvIG9wZW5zc2wgcmVxIC14NTA5IC1ub2RlcyAtZGF5cyAxIC1uZXdrZXkgcnNhOjIwNDggLWtleW91dCAvb3B0L25naW54L25naW54LW9uZS9uZ2lueC1vc3MvZXRjL3NzbC9uZ2lueC8xLWRheS5rZXkgLW91dCAvb3B0L25naW54L25naW54LW9uZS9uZ2lueC1vc3MvZXRjL3NzbC9uZ2lueC8xLWRheS5jcnQgLXN1YmogIi9DTj1nLWt1bGxhbmQtTmdpbnhPbmVXb3Jrc2hvcCINCnN1ZG8gb3BlbnNzbCByZXEgLXg1MDkgLW5vZGVzIC1kYXlzIDMwIC1uZXdrZXkgcnNhOjIwNDggLWtleW91dCAvb3B0L25naW54L25naW54LW9uZS9uZ2lueC1vc3MvZXRjL3NzbC9uZ2lueC8zMC1kYXkua2V5IC1vdXQgL29wdC9uZ2lueC9uZ2lueC1vbmUvbmdpbngtb3NzL2V0Yy9zc2wvbmdpbngvMzAtZGF5LmNydCAtc3ViaiAiL0NOPWcta3VsbGFuZC1OZ2lueE9uZVdvcmtzaG9wIg0KIyAtLS0tLS0tLS0tLS0tLS0tLS0tLS0tLS0tLS0tLS0tLS0tLS0tLS0tLS0tLS0tLS0tLS0tLS0tLS0tLS0tLS0tLS0tLQ0KIyBCcmluZyBzdGFjayB1cA0KIyAtLS0tLS0tLS0tLS0tLS0tLS0tLS0tLS0tLS0tLS0tLS0tLS0tLS0tLS0tLS0tLS0tLS0tLS0tLS0tLS0tLS0tLS0tLQ0Kc3VkbyBkb2NrZXIgY29tcG9zZSAtLWVudi1maWxlICIvb3B0L25naW54L25naW54LW9uZS92YXJpYWJsZXMuZW52IiAtZiAiL29wdC9uZ2lueC9uZ2lueC1vbmUvZG9ja2VyLWNvbXBvc2UueW1sIiB1cCAtZA0KIyBzdWRvIGRvY2tlciBjb21wb3NlIC0tZW52LWZpbGUgL29wdC9uZ2lueC9uZ2lueC1vbmUvdmFyaWFibGVzLmVudiAtZiAvb3B0L25naW54L25naW54LW9uZS9kb2NrZXItY29tcG9zZS55bWwgdXAgLWQNCiMgc3VkbyBkb2NrZXIgY29tcG9zZSAtZiAvb3B0L25naW54L25naW54LW9uZS9kb2NrZXItY29tcG9zZS55bWwgdXAgLWQNCiMgc3VkbyBkb2NrZXIgY29tcG9zZSAtLWVudi1maWxlIC9vcHQvbmdpbngvbmdpbngtb25lL3ZhcmlhYmxlcy5lbnYgLWYgL29wdC9uZ2lueC9uZ2lueC1vbmUvZG9ja2VyLWNvbXBvc2UueW1sIGRvd24NCg0Kc3VkbyByZWJvb3Q=",
            "dedicated_host_group_id": "",
            "dedicated_host_id": "",
            "disable_password_authentication": true,
            "disk_controller_type": "SCSI",
            "edge_zone": "",
            "encryption_at_host_enabled": false,
            "eviction_policy": "",
            "extensions_time_budget": "PT1H30M",
            "gallery_application": [],
            "id": "/subscriptions/4bd08e66-f1da-40f0-9de0-237567f7e61b/resourceGroups/gkulland-nginx-one/providers/Microsoft.Compute/virtualMachines/kulland-ubuntu",
            "identity": [],
            "license_type": "",
            "location": "westus2",
            "max_bid_price": -1,
            "name": "kulland-ubuntu",
            "network_interface_ids": [
              "/subscriptions/4bd08e66-f1da-40f0-9de0-237567f7e61b/resourceGroups/gkulland-nginx-one/providers/Microsoft.Network/networkInterfaces/ubuntu-management-nic",
              "/subscriptions/4bd08e66-f1da-40f0-9de0-237567f7e61b/resourceGroups/gkulland-nginx-one/providers/Microsoft.Network/networkInterfaces/ubuntu-internal-nic"
            ],
            "os_disk": [
              {
                "caching": "ReadWrite",
                "diff_disk_settings": [],
                "disk_encryption_set_id": "",
                "disk_size_gb": 30,
                "id": "/subscriptions/4bd08e66-f1da-40f0-9de0-237567f7e61b/resourceGroups/gkulland-nginx-one/providers/Microsoft.Compute/disks/myUbuntuDisk",
                "name": "myUbuntuDisk",
                "secure_vm_disk_encryption_set_id": "",
                "security_encryption_type": "",
                "storage_account_type": "Standard_LRS",
                "write_accelerator_enabled": false
              }
            ],
            "os_image_notification": [],
            "os_managed_disk_id": "/subscriptions/4bd08e66-f1da-40f0-9de0-237567f7e61b/resourceGroups/gkulland-nginx-one/providers/Microsoft.Compute/disks/myUbuntuDisk",
            "patch_assessment_mode": "ImageDefault",
            "patch_mode": "ImageDefault",
            "plan": [],
            "platform_fault_domain": -1,
            "priority": "Regular",
            "private_ip_address": "172.20.0.4",
            "private_ip_addresses": [
              "172.20.0.4",
              "172.20.2.50",
              "172.20.2.100",
              "172.20.2.101",
              "172.20.2.102",
              "172.20.2.103",
              "172.20.2.104",
              "172.20.2.105",
              "172.20.2.106"
            ],
            "provision_vm_agent": true,
            "proximity_placement_group_id": "",
            "public_ip_address": "4.155.55.93",
            "public_ip_addresses": [
              "4.155.55.93",
              "20.114.53.122",
              "4.155.54.198",
              "4.155.218.39",
              "172.171.99.120",
              "4.155.236.200",
              "4.155.205.41",
              "4.155.54.152"
            ],
            "reboot_setting": "",
            "resource_group_name": "gkulland-nginx-one",
            "secret": [],
            "secure_boot_enabled": false,
            "size": "Standard_D2_v5",
            "source_image_id": "",
            "source_image_reference": [
              {
                "offer": "0001-com-ubuntu-server-jammy",
                "publisher": "Canonical",
                "sku": "22_04-lts-gen2",
                "version": "latest"
              }
            ],
            "tags": {
              "email": "g.kulland@f5.com",
              "owner": "Gage Kulland"
            },
            "termination_notification": null,
            "timeouts": null,
            "user_data": "",
            "virtual_machine_id": "5ae85802-5658-4b9a-a229-889022cad194",
            "virtual_machine_scale_set_id": "",
            "vm_agent_platform_updates_enabled": false,
            "vtpm_enabled": false,
            "zone": ""
          },
          "sensitive_attributes": [
            [
              {
                "type": "get_attr",
                "value": "admin_password"
              }
            ],
            [
              {
                "type": "get_attr",
                "value": "custom_data"
              }
            ]
          ],
          "identity_schema_version": 0,
          "private": "eyJlMmJmYjczMC1lY2FhLTExZTYtOGY4OC0zNDM2M2JjN2M0YzAiOnsiY3JlYXRlIjoyNzAwMDAwMDAwMDAwLCJkZWxldGUiOjI3MDAwMDAwMDAwMDAsInJlYWQiOjMwMDAwMDAwMDAwMCwidXBkYXRlIjoyNzAwMDAwMDAwMDAwfX0=",
          "dependencies": [
            "azurerm_network_interface.internal_nic",
            "azurerm_network_interface.management_nic",
            "azurerm_public_ip.management_pubip",
            "azurerm_public_ip.oss1",
            "azurerm_public_ip.oss2",
            "azurerm_public_ip.oss3",
            "azurerm_public_ip.plus1",
            "azurerm_public_ip.plus2",
            "azurerm_public_ip.plus3",
            "azurerm_public_ip.waf-test",
            "azurerm_resource_group.rg",
            "azurerm_storage_account.my_storage_account",
            "azurerm_subnet.int",
            "azurerm_subnet.mgmt",
            "azurerm_virtual_network.vnet",
            "random_id.random_id"
          ]
        }
      ]
    },
    {
      "mode": "managed",
      "type": "azurerm_network_interface",
      "name": "internal_nic",
      "provider": "provider[\"registry.terraform.io/hashicorp/azurerm\"]",
      "instances": [
        {
          "schema_version": 0,
          "attributes": {
            "accelerated_networking_enabled": false,
            "applied_dns_servers": [],
            "auxiliary_mode": "",
            "auxiliary_sku": "",
            "dns_servers": null,
            "edge_zone": "",
            "id": "/subscriptions/4bd08e66-f1da-40f0-9de0-237567f7e61b/resourceGroups/gkulland-nginx-one/providers/Microsoft.Network/networkInterfaces/ubuntu-internal-nic",
            "internal_dns_name_label": "",
            "internal_domain_name_suffix": "54s5dazr5gfe3omsez4nq1rmnc.xx.internal.cloudapp.net",
            "ip_configuration": [
              {
                "gateway_load_balancer_frontend_ip_configuration_id": "",
                "name": "internal_nic_configuration",
                "primary": true,
                "private_ip_address": "172.20.2.50",
                "private_ip_address_allocation": "Static",
                "private_ip_address_version": "IPv4",
                "public_ip_address_id": "",
                "subnet_id": "/subscriptions/4bd08e66-f1da-40f0-9de0-237567f7e61b/resourceGroups/gkulland-nginx-one/providers/Microsoft.Network/virtualNetworks/kulland-nginx-one-vnet/subnets/internal"
              },
              {
                "gateway_load_balancer_frontend_ip_configuration_id": "",
                "name": "internal_nic_plus1",
                "primary": false,
                "private_ip_address": "172.20.2.100",
                "private_ip_address_allocation": "Static",
                "private_ip_address_version": "IPv4",
                "public_ip_address_id": "/subscriptions/4bd08e66-f1da-40f0-9de0-237567f7e61b/resourceGroups/gkulland-nginx-one/providers/Microsoft.Network/publicIPAddresses/ubuntu-plus1_pubip",
                "subnet_id": "/subscriptions/4bd08e66-f1da-40f0-9de0-237567f7e61b/resourceGroups/gkulland-nginx-one/providers/Microsoft.Network/virtualNetworks/kulland-nginx-one-vnet/subnets/internal"
              },
              {
                "gateway_load_balancer_frontend_ip_configuration_id": "",
                "name": "internal_nic_plus2",
                "primary": false,
                "private_ip_address": "172.20.2.101",
                "private_ip_address_allocation": "Static",
                "private_ip_address_version": "IPv4",
                "public_ip_address_id": "/subscriptions/4bd08e66-f1da-40f0-9de0-237567f7e61b/resourceGroups/gkulland-nginx-one/providers/Microsoft.Network/publicIPAddresses/ubuntu-plus2_pubip",
                "subnet_id": "/subscriptions/4bd08e66-f1da-40f0-9de0-237567f7e61b/resourceGroups/gkulland-nginx-one/providers/Microsoft.Network/virtualNetworks/kulland-nginx-one-vnet/subnets/internal"
              },
              {
                "gateway_load_balancer_frontend_ip_configuration_id": "",
                "name": "internal_nic_plus3",
                "primary": false,
                "private_ip_address": "172.20.2.102",
                "private_ip_address_allocation": "Static",
                "private_ip_address_version": "IPv4",
                "public_ip_address_id": "/subscriptions/4bd08e66-f1da-40f0-9de0-237567f7e61b/resourceGroups/gkulland-nginx-one/providers/Microsoft.Network/publicIPAddresses/ubuntu-plus3_pubip",
                "subnet_id": "/subscriptions/4bd08e66-f1da-40f0-9de0-237567f7e61b/resourceGroups/gkulland-nginx-one/providers/Microsoft.Network/virtualNetworks/kulland-nginx-one-vnet/subnets/internal"
              },
              {
                "gateway_load_balancer_frontend_ip_configuration_id": "",
                "name": "internal_nic_oss1",
                "primary": false,
                "private_ip_address": "172.20.2.103",
                "private_ip_address_allocation": "Static",
                "private_ip_address_version": "IPv4",
                "public_ip_address_id": "/subscriptions/4bd08e66-f1da-40f0-9de0-237567f7e61b/resourceGroups/gkulland-nginx-one/providers/Microsoft.Network/publicIPAddresses/ubuntu-oss1_pubip",
                "subnet_id": "/subscriptions/4bd08e66-f1da-40f0-9de0-237567f7e61b/resourceGroups/gkulland-nginx-one/providers/Microsoft.Network/virtualNetworks/kulland-nginx-one-vnet/subnets/internal"
              },
              {
                "gateway_load_balancer_frontend_ip_configuration_id": "",
                "name": "internal_nic_oss2",
                "primary": false,
                "private_ip_address": "172.20.2.104",
                "private_ip_address_allocation": "Static",
                "private_ip_address_version": "IPv4",
                "public_ip_address_id": "/subscriptions/4bd08e66-f1da-40f0-9de0-237567f7e61b/resourceGroups/gkulland-nginx-one/providers/Microsoft.Network/publicIPAddresses/ubuntu-oss2_pubip",
                "subnet_id": "/subscriptions/4bd08e66-f1da-40f0-9de0-237567f7e61b/resourceGroups/gkulland-nginx-one/providers/Microsoft.Network/virtualNetworks/kulland-nginx-one-vnet/subnets/internal"
              },
              {
                "gateway_load_balancer_frontend_ip_configuration_id": "",
                "name": "internal_nic_oss3",
                "primary": false,
                "private_ip_address": "172.20.2.105",
                "private_ip_address_allocation": "Static",
                "private_ip_address_version": "IPv4",
                "public_ip_address_id": "/subscriptions/4bd08e66-f1da-40f0-9de0-237567f7e61b/resourceGroups/gkulland-nginx-one/providers/Microsoft.Network/publicIPAddresses/ubuntu-oss3_pubip",
                "subnet_id": "/subscriptions/4bd08e66-f1da-40f0-9de0-237567f7e61b/resourceGroups/gkulland-nginx-one/providers/Microsoft.Network/virtualNetworks/kulland-nginx-one-vnet/subnets/internal"
              },
              {
                "gateway_load_balancer_frontend_ip_configuration_id": "",
                "name": "internal_nic_waf_test",
                "primary": false,
                "private_ip_address": "172.20.2.106",
                "private_ip_address_allocation": "Static",
                "private_ip_address_version": "IPv4",
                "public_ip_address_id": "/subscriptions/4bd08e66-f1da-40f0-9de0-237567f7e61b/resourceGroups/gkulland-nginx-one/providers/Microsoft.Network/publicIPAddresses/ubuntu-waf-test_pubip",
                "subnet_id": "/subscriptions/4bd08e66-f1da-40f0-9de0-237567f7e61b/resourceGroups/gkulland-nginx-one/providers/Microsoft.Network/virtualNetworks/kulland-nginx-one-vnet/subnets/internal"
              }
            ],
            "ip_forwarding_enabled": false,
            "location": "westus2",
            "mac_address": "",
            "name": "ubuntu-internal-nic",
            "private_ip_address": "172.20.2.50",
            "private_ip_addresses": [
              "172.20.2.50",
              "172.20.2.100",
              "172.20.2.101",
              "172.20.2.102",
              "172.20.2.103",
              "172.20.2.104",
              "172.20.2.105",
              "172.20.2.106"
            ],
            "resource_group_name": "gkulland-nginx-one",
            "tags": {
              "email": "g.kulland@f5.com",
              "owner": "Gage Kulland"
            },
            "timeouts": null,
            "virtual_machine_id": ""
          },
          "sensitive_attributes": [],
          "identity_schema_version": 0,
          "identity": {
            "name": "ubuntu-internal-nic",
            "resource_group_name": "gkulland-nginx-one",
            "subscription_id": "4bd08e66-f1da-40f0-9de0-237567f7e61b"
          },
          "private": "eyJlMmJmYjczMC1lY2FhLTExZTYtOGY4OC0zNDM2M2JjN2M0YzAiOnsiY3JlYXRlIjoxODAwMDAwMDAwMDAwLCJkZWxldGUiOjE4MDAwMDAwMDAwMDAsInJlYWQiOjMwMDAwMDAwMDAwMCwidXBkYXRlIjoxODAwMDAwMDAwMDAwfX0=",
          "dependencies": [
            "azurerm_public_ip.oss1",
            "azurerm_public_ip.oss2",
            "azurerm_public_ip.oss3",
            "azurerm_public_ip.plus1",
            "azurerm_public_ip.plus2",
            "azurerm_public_ip.plus3",
            "azurerm_public_ip.waf-test",
            "azurerm_resource_group.rg",
            "azurerm_subnet.int",
            "azurerm_virtual_network.vnet"
          ]
        }
      ]
    },
    {
      "mode": "managed",
      "type": "azurerm_network_interface",
      "name": "management_nic",
      "provider": "provider[\"registry.terraform.io/hashicorp/azurerm\"]",
      "instances": [
        {
          "schema_version": 0,
          "attributes": {
            "accelerated_networking_enabled": false,
            "applied_dns_servers": [],
            "auxiliary_mode": "",
            "auxiliary_sku": "",
            "dns_servers": null,
            "edge_zone": "",
            "id": "/subscriptions/4bd08e66-f1da-40f0-9de0-237567f7e61b/resourceGroups/gkulland-nginx-one/providers/Microsoft.Network/networkInterfaces/ubuntu-management-nic",
            "internal_dns_name_label": "",
            "internal_domain_name_suffix": "54s5dazr5gfe3omsez4nq1rmnc.xx.internal.cloudapp.net",
            "ip_configuration": [
              {
                "gateway_load_balancer_frontend_ip_configuration_id": "",
                "name": "managenment_nic_configuration",
                "primary": true,
                "private_ip_address": "172.20.0.4",
                "private_ip_address_allocation": "Dynamic",
                "private_ip_address_version": "IPv4",
                "public_ip_address_id": "/subscriptions/4bd08e66-f1da-40f0-9de0-237567f7e61b/resourceGroups/gkulland-nginx-one/providers/Microsoft.Network/publicIPAddresses/ubuntu-management_pubip",
                "subnet_id": "/subscriptions/4bd08e66-f1da-40f0-9de0-237567f7e61b/resourceGroups/gkulland-nginx-one/providers/Microsoft.Network/virtualNetworks/kulland-nginx-one-vnet/subnets/management"
              }
            ],
            "ip_forwarding_enabled": false,
            "location": "westus2",
            "mac_address": "",
            "name": "ubuntu-management-nic",
            "private_ip_address": "172.20.0.4",
            "private_ip_addresses": [
              "172.20.0.4"
            ],
            "resource_group_name": "gkulland-nginx-one",
            "tags": {
              "email": "g.kulland@f5.com",
              "owner": "Gage Kulland"
            },
            "timeouts": null,
            "virtual_machine_id": ""
          },
          "sensitive_attributes": [],
          "identity_schema_version": 0,
          "identity": {
            "name": "ubuntu-management-nic",
            "resource_group_name": "gkulland-nginx-one",
            "subscription_id": "4bd08e66-f1da-40f0-9de0-237567f7e61b"
          },
          "private": "eyJlMmJmYjczMC1lY2FhLTExZTYtOGY4OC0zNDM2M2JjN2M0YzAiOnsiY3JlYXRlIjoxODAwMDAwMDAwMDAwLCJkZWxldGUiOjE4MDAwMDAwMDAwMDAsInJlYWQiOjMwMDAwMDAwMDAwMCwidXBkYXRlIjoxODAwMDAwMDAwMDAwfX0=",
          "dependencies": [
            "azurerm_public_ip.management_pubip",
            "azurerm_resource_group.rg",
            "azurerm_subnet.mgmt",
            "azurerm_virtual_network.vnet"
          ]
        }
      ]
    },
    {
      "mode": "managed",
      "type": "azurerm_network_interface_security_group_association",
      "name": "internal",
      "provider": "provider[\"registry.terraform.io/hashicorp/azurerm\"]",
      "instances": [
        {
          "schema_version": 0,
          "attributes": {
            "id": "/subscriptions/4bd08e66-f1da-40f0-9de0-237567f7e61b/resourceGroups/gkulland-nginx-one/providers/Microsoft.Network/networkInterfaces/ubuntu-internal-nic|/subscriptions/4bd08e66-f1da-40f0-9de0-237567f7e61b/resourceGroups/gkulland-nginx-one/providers/Microsoft.Network/networkSecurityGroups/ubuntu-internal-NSG",
            "network_interface_id": "/subscriptions/4bd08e66-f1da-40f0-9de0-237567f7e61b/resourceGroups/gkulland-nginx-one/providers/Microsoft.Network/networkInterfaces/ubuntu-internal-nic",
            "network_security_group_id": "/subscriptions/4bd08e66-f1da-40f0-9de0-237567f7e61b/resourceGroups/gkulland-nginx-one/providers/Microsoft.Network/networkSecurityGroups/ubuntu-internal-NSG",
            "timeouts": null
          },
          "sensitive_attributes": [],
          "identity_schema_version": 0,
          "private": "eyJlMmJmYjczMC1lY2FhLTExZTYtOGY4OC0zNDM2M2JjN2M0YzAiOnsiY3JlYXRlIjoxODAwMDAwMDAwMDAwLCJkZWxldGUiOjE4MDAwMDAwMDAwMDAsInJlYWQiOjMwMDAwMDAwMDAwMH19",
          "dependencies": [
            "azurerm_network_interface.internal_nic",
            "azurerm_network_security_group.internal_nsg",
            "azurerm_public_ip.oss1",
            "azurerm_public_ip.oss2",
            "azurerm_public_ip.oss3",
            "azurerm_public_ip.plus1",
            "azurerm_public_ip.plus2",
            "azurerm_public_ip.plus3",
            "azurerm_public_ip.waf-test",
            "azurerm_resource_group.rg",
            "azurerm_subnet.int",
            "azurerm_virtual_network.vnet"
          ]
        }
      ]
    },
    {
      "mode": "managed",
      "type": "azurerm_network_interface_security_group_association",
      "name": "mgmt",
      "provider": "provider[\"registry.terraform.io/hashicorp/azurerm\"]",
      "instances": [
        {
          "schema_version": 0,
          "attributes": {
            "id": "/subscriptions/4bd08e66-f1da-40f0-9de0-237567f7e61b/resourceGroups/gkulland-nginx-one/providers/Microsoft.Network/networkInterfaces/ubuntu-management-nic|/subscriptions/4bd08e66-f1da-40f0-9de0-237567f7e61b/resourceGroups/gkulland-nginx-one/providers/Microsoft.Network/networkSecurityGroups/ubuntu-mgmt-NSG",
            "network_interface_id": "/subscriptions/4bd08e66-f1da-40f0-9de0-237567f7e61b/resourceGroups/gkulland-nginx-one/providers/Microsoft.Network/networkInterfaces/ubuntu-management-nic",
            "network_security_group_id": "/subscriptions/4bd08e66-f1da-40f0-9de0-237567f7e61b/resourceGroups/gkulland-nginx-one/providers/Microsoft.Network/networkSecurityGroups/ubuntu-mgmt-NSG",
            "timeouts": null
          },
          "sensitive_attributes": [],
          "identity_schema_version": 0,
          "private": "eyJlMmJmYjczMC1lY2FhLTExZTYtOGY4OC0zNDM2M2JjN2M0YzAiOnsiY3JlYXRlIjoxODAwMDAwMDAwMDAwLCJkZWxldGUiOjE4MDAwMDAwMDAwMDAsInJlYWQiOjMwMDAwMDAwMDAwMH19",
          "dependencies": [
            "azurerm_network_interface.management_nic",
            "azurerm_network_security_group.management_nsg",
            "azurerm_public_ip.management_pubip",
            "azurerm_resource_group.rg",
            "azurerm_subnet.mgmt",
            "azurerm_virtual_network.vnet"
          ]
        }
      ]
    },
    {
      "mode": "managed",
      "type": "azurerm_network_security_group",
      "name": "internal_nsg",
      "provider": "provider[\"registry.terraform.io/hashicorp/azurerm\"]",
      "instances": [
        {
          "schema_version": 0,
          "attributes": {
            "id": "/subscriptions/4bd08e66-f1da-40f0-9de0-237567f7e61b/resourceGroups/gkulland-nginx-one/providers/Microsoft.Network/networkSecurityGroups/ubuntu-internal-NSG",
            "location": "westus2",
            "name": "ubuntu-internal-NSG",
            "resource_group_name": "gkulland-nginx-one",
            "security_rule": [
              {
                "access": "Allow",
                "description": "",
                "destination_address_prefix": "*",
                "destination_address_prefixes": [],
                "destination_application_security_group_ids": [],
                "destination_port_range": "",
                "destination_port_ranges": [
                  "443",
                  "80",
                  "9000",
                  "9113"
                ],
                "direction": "Inbound",
                "name": "External-Access",
                "priority": 1002,
                "protocol": "Tcp",
                "source_address_prefix": "",
                "source_address_prefixes": [
                  "104.219.105.84/32",
                  "104.219.107.84/32",
                  "162.220.44.18/32",
                  "200.94.108.146/32",
                  "65.61.116.107/32",
                  "67.139.111.130",
                  "67.185.28.238",
                  "73.11.176.78"
                ],
                "source_application_security_group_ids": [],
                "source_port_range": "*",
                "source_port_ranges": []
              }
            ],
            "tags": {
              "email": "g.kulland@f5.com",
              "owner": "Gage Kulland"
            },
            "timeouts": null
          },
          "sensitive_attributes": [],
          "identity_schema_version": 0,
          "identity": {
            "name": "ubuntu-internal-NSG",
            "resource_group_name": "gkulland-nginx-one",
            "subscription_id": "4bd08e66-f1da-40f0-9de0-237567f7e61b"
          },
          "private": "eyJlMmJmYjczMC1lY2FhLTExZTYtOGY4OC0zNDM2M2JjN2M0YzAiOnsiY3JlYXRlIjoxODAwMDAwMDAwMDAwLCJkZWxldGUiOjE4MDAwMDAwMDAwMDAsInJlYWQiOjMwMDAwMDAwMDAwMCwidXBkYXRlIjoxODAwMDAwMDAwMDAwfX0=",
          "dependencies": [
            "azurerm_resource_group.rg"
          ]
        }
      ]
    },
    {
      "mode": "managed",
      "type": "azurerm_network_security_group",
      "name": "management_nsg",
      "provider": "provider[\"registry.terraform.io/hashicorp/azurerm\"]",
      "instances": [
        {
          "schema_version": 0,
          "attributes": {
            "id": "/subscriptions/4bd08e66-f1da-40f0-9de0-237567f7e61b/resourceGroups/gkulland-nginx-one/providers/Microsoft.Network/networkSecurityGroups/ubuntu-mgmt-NSG",
            "location": "westus2",
            "name": "ubuntu-mgmt-NSG",
            "resource_group_name": "gkulland-nginx-one",
            "security_rule": [
              {
                "access": "Allow",
                "description": "",
                "destination_address_prefix": "*",
                "destination_address_prefixes": [],
                "destination_application_security_group_ids": [],
                "destination_port_range": "",
                "destination_port_ranges": [
                  "22",
                  "443"
                ],
                "direction": "Inbound",
                "name": "SSH-WebUI",
                "priority": 1001,
                "protocol": "Tcp",
                "source_address_prefix": "",
                "source_address_prefixes": [
                  "104.219.105.84/32",
                  "104.219.107.84/32",
                  "162.220.44.18/32",
                  "200.94.108.146/32",
                  "65.61.116.107/32",
                  "67.139.111.130",
                  "67.185.28.238",
                  "73.11.176.78"
                ],
                "source_application_security_group_ids": [],
                "source_port_range": "*",
                "source_port_ranges": []
              }
            ],
            "tags": {
              "email": "g.kulland@f5.com",
              "owner": "Gage Kulland"
            },
            "timeouts": null
          },
          "sensitive_attributes": [],
          "identity_schema_version": 0,
          "identity": {
            "name": "ubuntu-mgmt-NSG",
            "resource_group_name": "gkulland-nginx-one",
            "subscription_id": "4bd08e66-f1da-40f0-9de0-237567f7e61b"
          },
          "private": "eyJlMmJmYjczMC1lY2FhLTExZTYtOGY4OC0zNDM2M2JjN2M0YzAiOnsiY3JlYXRlIjoxODAwMDAwMDAwMDAwLCJkZWxldGUiOjE4MDAwMDAwMDAwMDAsInJlYWQiOjMwMDAwMDAwMDAwMCwidXBkYXRlIjoxODAwMDAwMDAwMDAwfX0=",
          "dependencies": [
            "azurerm_resource_group.rg"
          ]
        }
      ]
    },
    {
      "mode": "managed",
      "type": "azurerm_public_ip",
      "name": "management_pubip",
      "provider": "provider[\"registry.terraform.io/hashicorp/azurerm\"]",
      "instances": [
        {
          "schema_version": 0,
          "attributes": {
            "allocation_method": "Static",
            "ddos_protection_mode": "VirtualNetworkInherited",
            "ddos_protection_plan_id": null,
            "domain_name_label": null,
            "domain_name_label_scope": null,
            "edge_zone": "",
            "fqdn": null,
            "id": "/subscriptions/4bd08e66-f1da-40f0-9de0-237567f7e61b/resourceGroups/gkulland-nginx-one/providers/Microsoft.Network/publicIPAddresses/ubuntu-management_pubip",
            "idle_timeout_in_minutes": 4,
            "ip_address": "4.155.55.93",
            "ip_tags": null,
            "ip_version": "IPv4",
            "location": "westus2",
            "name": "ubuntu-management_pubip",
            "public_ip_prefix_id": null,
            "resource_group_name": "gkulland-nginx-one",
            "reverse_fqdn": null,
            "sku": "Standard",
            "sku_tier": "Regional",
            "tags": {
              "email": "g.kulland@f5.com",
              "owner": "Gage Kulland"
            },
            "timeouts": null,
            "zones": null
          },
          "sensitive_attributes": [],
          "identity_schema_version": 0,
          "private": "eyJlMmJmYjczMC1lY2FhLTExZTYtOGY4OC0zNDM2M2JjN2M0YzAiOnsiY3JlYXRlIjoxODAwMDAwMDAwMDAwLCJkZWxldGUiOjE4MDAwMDAwMDAwMDAsInJlYWQiOjMwMDAwMDAwMDAwMCwidXBkYXRlIjoxODAwMDAwMDAwMDAwfX0=",
          "dependencies": [
            "azurerm_resource_group.rg"
          ]
        }
      ]
    },
    {
      "mode": "managed",
      "type": "azurerm_public_ip",
      "name": "oss1",
      "provider": "provider[\"registry.terraform.io/hashicorp/azurerm\"]",
      "instances": [
        {
          "schema_version": 0,
          "attributes": {
            "allocation_method": "Static",
            "ddos_protection_mode": "VirtualNetworkInherited",
            "ddos_protection_plan_id": null,
            "domain_name_label": null,
            "domain_name_label_scope": null,
            "edge_zone": "",
            "fqdn": null,
            "id": "/subscriptions/4bd08e66-f1da-40f0-9de0-237567f7e61b/resourceGroups/gkulland-nginx-one/providers/Microsoft.Network/publicIPAddresses/ubuntu-oss1_pubip",
            "idle_timeout_in_minutes": 4,
            "ip_address": "172.171.99.120",
            "ip_tags": null,
            "ip_version": "IPv4",
            "location": "westus2",
            "name": "ubuntu-oss1_pubip",
            "public_ip_prefix_id": null,
            "resource_group_name": "gkulland-nginx-one",
            "reverse_fqdn": null,
            "sku": "Standard",
            "sku_tier": "Regional",
            "tags": {
              "email": "g.kulland@f5.com",
              "owner": "Gage Kulland"
            },
            "timeouts": null,
            "zones": null
          },
          "sensitive_attributes": [],
          "identity_schema_version": 0,
          "private": "eyJlMmJmYjczMC1lY2FhLTExZTYtOGY4OC0zNDM2M2JjN2M0YzAiOnsiY3JlYXRlIjoxODAwMDAwMDAwMDAwLCJkZWxldGUiOjE4MDAwMDAwMDAwMDAsInJlYWQiOjMwMDAwMDAwMDAwMCwidXBkYXRlIjoxODAwMDAwMDAwMDAwfX0=",
          "dependencies": [
            "azurerm_resource_group.rg"
          ]
        }
      ]
    },
    {
      "mode": "managed",
      "type": "azurerm_public_ip",
      "name": "oss2",
      "provider": "provider[\"registry.terraform.io/hashicorp/azurerm\"]",
      "instances": [
        {
          "schema_version": 0,
          "attributes": {
            "allocation_method": "Static",
            "ddos_protection_mode": "VirtualNetworkInherited",
            "ddos_protection_plan_id": null,
            "domain_name_label": null,
            "domain_name_label_scope": null,
            "edge_zone": "",
            "fqdn": null,
            "id": "/subscriptions/4bd08e66-f1da-40f0-9de0-237567f7e61b/resourceGroups/gkulland-nginx-one/providers/Microsoft.Network/publicIPAddresses/ubuntu-oss2_pubip",
            "idle_timeout_in_minutes": 4,
            "ip_address": "4.155.236.200",
            "ip_tags": null,
            "ip_version": "IPv4",
            "location": "westus2",
            "name": "ubuntu-oss2_pubip",
            "public_ip_prefix_id": null,
            "resource_group_name": "gkulland-nginx-one",
            "reverse_fqdn": null,
            "sku": "Standard",
            "sku_tier": "Regional",
            "tags": {
              "email": "g.kulland@f5.com",
              "owner": "Gage Kulland"
            },
            "timeouts": null,
            "zones": null
          },
          "sensitive_attributes": [],
          "identity_schema_version": 0,
          "private": "eyJlMmJmYjczMC1lY2FhLTExZTYtOGY4OC0zNDM2M2JjN2M0YzAiOnsiY3JlYXRlIjoxODAwMDAwMDAwMDAwLCJkZWxldGUiOjE4MDAwMDAwMDAwMDAsInJlYWQiOjMwMDAwMDAwMDAwMCwidXBkYXRlIjoxODAwMDAwMDAwMDAwfX0=",
          "dependencies": [
            "azurerm_resource_group.rg"
          ]
        }
      ]
    },
    {
      "mode": "managed",
      "type": "azurerm_public_ip",
      "name": "oss3",
      "provider": "provider[\"registry.terraform.io/hashicorp/azurerm\"]",
      "instances": [
        {
          "schema_version": 0,
          "attributes": {
            "allocation_method": "Static",
            "ddos_protection_mode": "VirtualNetworkInherited",
            "ddos_protection_plan_id": null,
            "domain_name_label": null,
            "domain_name_label_scope": null,
            "edge_zone": "",
            "fqdn": null,
            "id": "/subscriptions/4bd08e66-f1da-40f0-9de0-237567f7e61b/resourceGroups/gkulland-nginx-one/providers/Microsoft.Network/publicIPAddresses/ubuntu-oss3_pubip",
            "idle_timeout_in_minutes": 4,
            "ip_address": "4.155.205.41",
            "ip_tags": null,
            "ip_version": "IPv4",
            "location": "westus2",
            "name": "ubuntu-oss3_pubip",
            "public_ip_prefix_id": null,
            "resource_group_name": "gkulland-nginx-one",
            "reverse_fqdn": null,
            "sku": "Standard",
            "sku_tier": "Regional",
            "tags": {
              "email": "g.kulland@f5.com",
              "owner": "Gage Kulland"
            },
            "timeouts": null,
            "zones": null
          },
          "sensitive_attributes": [],
          "identity_schema_version": 0,
          "private": "eyJlMmJmYjczMC1lY2FhLTExZTYtOGY4OC0zNDM2M2JjN2M0YzAiOnsiY3JlYXRlIjoxODAwMDAwMDAwMDAwLCJkZWxldGUiOjE4MDAwMDAwMDAwMDAsInJlYWQiOjMwMDAwMDAwMDAwMCwidXBkYXRlIjoxODAwMDAwMDAwMDAwfX0=",
          "dependencies": [
            "azurerm_resource_group.rg"
          ]
        }
      ]
    },
    {
      "mode": "managed",
      "type": "azurerm_public_ip",
      "name": "plus1",
      "provider": "provider[\"registry.terraform.io/hashicorp/azurerm\"]",
      "instances": [
        {
          "schema_version": 0,
          "attributes": {
            "allocation_method": "Static",
            "ddos_protection_mode": "VirtualNetworkInherited",
            "ddos_protection_plan_id": null,
            "domain_name_label": null,
            "domain_name_label_scope": null,
            "edge_zone": "",
            "fqdn": null,
            "id": "/subscriptions/4bd08e66-f1da-40f0-9de0-237567f7e61b/resourceGroups/gkulland-nginx-one/providers/Microsoft.Network/publicIPAddresses/ubuntu-plus1_pubip",
            "idle_timeout_in_minutes": 4,
            "ip_address": "20.114.53.122",
            "ip_tags": null,
            "ip_version": "IPv4",
            "location": "westus2",
            "name": "ubuntu-plus1_pubip",
            "public_ip_prefix_id": null,
            "resource_group_name": "gkulland-nginx-one",
            "reverse_fqdn": null,
            "sku": "Standard",
            "sku_tier": "Regional",
            "tags": {
              "email": "g.kulland@f5.com",
              "owner": "Gage Kulland"
            },
            "timeouts": null,
            "zones": null
          },
          "sensitive_attributes": [],
          "identity_schema_version": 0,
          "private": "eyJlMmJmYjczMC1lY2FhLTExZTYtOGY4OC0zNDM2M2JjN2M0YzAiOnsiY3JlYXRlIjoxODAwMDAwMDAwMDAwLCJkZWxldGUiOjE4MDAwMDAwMDAwMDAsInJlYWQiOjMwMDAwMDAwMDAwMCwidXBkYXRlIjoxODAwMDAwMDAwMDAwfX0=",
          "dependencies": [
            "azurerm_resource_group.rg"
          ]
        }
      ]
    },
    {
      "mode": "managed",
      "type": "azurerm_public_ip",
      "name": "plus2",
      "provider": "provider[\"registry.terraform.io/hashicorp/azurerm\"]",
      "instances": [
        {
          "schema_version": 0,
          "attributes": {
            "allocation_method": "Static",
            "ddos_protection_mode": "VirtualNetworkInherited",
            "ddos_protection_plan_id": null,
            "domain_name_label": null,
            "domain_name_label_scope": null,
            "edge_zone": "",
            "fqdn": null,
            "id": "/subscriptions/4bd08e66-f1da-40f0-9de0-237567f7e61b/resourceGroups/gkulland-nginx-one/providers/Microsoft.Network/publicIPAddresses/ubuntu-plus2_pubip",
            "idle_timeout_in_minutes": 4,
            "ip_address": "4.155.54.198",
            "ip_tags": null,
            "ip_version": "IPv4",
            "location": "westus2",
            "name": "ubuntu-plus2_pubip",
            "public_ip_prefix_id": null,
            "resource_group_name": "gkulland-nginx-one",
            "reverse_fqdn": null,
            "sku": "Standard",
            "sku_tier": "Regional",
            "tags": {
              "email": "g.kulland@f5.com",
              "owner": "Gage Kulland"
            },
            "timeouts": null,
            "zones": null
          },
          "sensitive_attributes": [],
          "identity_schema_version": 0,
          "private": "eyJlMmJmYjczMC1lY2FhLTExZTYtOGY4OC0zNDM2M2JjN2M0YzAiOnsiY3JlYXRlIjoxODAwMDAwMDAwMDAwLCJkZWxldGUiOjE4MDAwMDAwMDAwMDAsInJlYWQiOjMwMDAwMDAwMDAwMCwidXBkYXRlIjoxODAwMDAwMDAwMDAwfX0=",
          "dependencies": [
            "azurerm_resource_group.rg"
          ]
        }
      ]
    },
    {
      "mode": "managed",
      "type": "azurerm_public_ip",
      "name": "plus3",
      "provider": "provider[\"registry.terraform.io/hashicorp/azurerm\"]",
      "instances": [
        {
          "schema_version": 0,
          "attributes": {
            "allocation_method": "Static",
            "ddos_protection_mode": "VirtualNetworkInherited",
            "ddos_protection_plan_id": null,
            "domain_name_label": null,
            "domain_name_label_scope": null,
            "edge_zone": "",
            "fqdn": null,
            "id": "/subscriptions/4bd08e66-f1da-40f0-9de0-237567f7e61b/resourceGroups/gkulland-nginx-one/providers/Microsoft.Network/publicIPAddresses/ubuntu-plus3_pubip",
            "idle_timeout_in_minutes": 4,
            "ip_address": "4.155.218.39",
            "ip_tags": null,
            "ip_version": "IPv4",
            "location": "westus2",
            "name": "ubuntu-plus3_pubip",
            "public_ip_prefix_id": null,
            "resource_group_name": "gkulland-nginx-one",
            "reverse_fqdn": null,
            "sku": "Standard",
            "sku_tier": "Regional",
            "tags": {
              "email": "g.kulland@f5.com",
              "owner": "Gage Kulland"
            },
            "timeouts": null,
            "zones": null
          },
          "sensitive_attributes": [],
          "identity_schema_version": 0,
          "private": "eyJlMmJmYjczMC1lY2FhLTExZTYtOGY4OC0zNDM2M2JjN2M0YzAiOnsiY3JlYXRlIjoxODAwMDAwMDAwMDAwLCJkZWxldGUiOjE4MDAwMDAwMDAwMDAsInJlYWQiOjMwMDAwMDAwMDAwMCwidXBkYXRlIjoxODAwMDAwMDAwMDAwfX0=",
          "dependencies": [
            "azurerm_resource_group.rg"
          ]
        }
      ]
    },
    {
      "mode": "managed",
      "type": "azurerm_public_ip",
      "name": "waf-test",
      "provider": "provider[\"registry.terraform.io/hashicorp/azurerm\"]",
      "instances": [
        {
          "schema_version": 0,
          "attributes": {
            "allocation_method": "Static",
            "ddos_protection_mode": "VirtualNetworkInherited",
            "ddos_protection_plan_id": null,
            "domain_name_label": null,
            "domain_name_label_scope": null,
            "edge_zone": "",
            "fqdn": null,
            "id": "/subscriptions/4bd08e66-f1da-40f0-9de0-237567f7e61b/resourceGroups/gkulland-nginx-one/providers/Microsoft.Network/publicIPAddresses/ubuntu-waf-test_pubip",
            "idle_timeout_in_minutes": 4,
            "ip_address": "4.155.54.152",
            "ip_tags": null,
            "ip_version": "IPv4",
            "location": "westus2",
            "name": "ubuntu-waf-test_pubip",
            "public_ip_prefix_id": null,
            "resource_group_name": "gkulland-nginx-one",
            "reverse_fqdn": null,
            "sku": "Standard",
            "sku_tier": "Regional",
            "tags": {
              "email": "g.kulland@f5.com",
              "owner": "Gage Kulland"
            },
            "timeouts": null,
            "zones": null
          },
          "sensitive_attributes": [],
          "identity_schema_version": 0,
          "private": "eyJlMmJmYjczMC1lY2FhLTExZTYtOGY4OC0zNDM2M2JjN2M0YzAiOnsiY3JlYXRlIjoxODAwMDAwMDAwMDAwLCJkZWxldGUiOjE4MDAwMDAwMDAwMDAsInJlYWQiOjMwMDAwMDAwMDAwMCwidXBkYXRlIjoxODAwMDAwMDAwMDAwfX0=",
          "dependencies": [
            "azurerm_resource_group.rg"
          ]
        }
      ]
    },
    {
      "mode": "managed",
      "type": "azurerm_resource_group",
      "name": "rg",
      "provider": "provider[\"registry.terraform.io/hashicorp/azurerm\"]",
      "instances": [
        {
          "schema_version": 0,
          "attributes": {
            "id": "/subscriptions/4bd08e66-f1da-40f0-9de0-237567f7e61b/resourceGroups/gkulland-nginx-one",
            "location": "westus2",
            "managed_by": "",
            "name": "gkulland-nginx-one",
            "tags": null,
            "timeouts": null
          },
          "sensitive_attributes": [],
          "identity_schema_version": 0,
          "private": "eyJlMmJmYjczMC1lY2FhLTExZTYtOGY4OC0zNDM2M2JjN2M0YzAiOnsiY3JlYXRlIjo1NDAwMDAwMDAwMDAwLCJkZWxldGUiOjU0MDAwMDAwMDAwMDAsInJlYWQiOjMwMDAwMDAwMDAwMCwidXBkYXRlIjo1NDAwMDAwMDAwMDAwfX0="
        }
      ]
    },
    {
      "mode": "managed",
      "type": "azurerm_storage_account",
      "name": "my_storage_account",
      "provider": "provider[\"registry.terraform.io/hashicorp/azurerm\"]",
      "instances": [
        {
          "schema_version": 4,
          "attributes": {
            "access_tier": "Hot",
            "account_kind": "StorageV2",
            "account_replication_type": "LRS",
            "account_tier": "Standard",
            "allow_nested_items_to_be_public": false,
            "allowed_copy_scope": "",
            "azure_files_authentication": [],
            "blob_properties": [
              {
                "change_feed_enabled": false,
                "change_feed_retention_in_days": 0,
                "container_delete_retention_policy": [],
                "cors_rule": [],
                "default_service_version": "",
                "delete_retention_policy": [],
                "last_access_time_enabled": false,
                "restore_policy": [],
                "versioning_enabled": false
              }
            ],
            "cross_tenant_replication_enabled": false,
            "custom_domain": [],
            "customer_managed_key": [],
            "default_to_oauth_authentication": false,
            "dns_endpoint_type": "Standard",
            "edge_zone": "",
            "https_traffic_only_enabled": true,
            "id": "/subscriptions/4bd08e66-f1da-40f0-9de0-237567f7e61b/resourceGroups/gkulland-nginx-one/providers/Microsoft.Storage/storageAccounts/diagead461d9",
            "identity": [],
            "immutability_policy": [],
            "infrastructure_encryption_enabled": false,
            "is_hns_enabled": false,
            "large_file_share_enabled": false,
            "local_user_enabled": true,
            "location": "westus2",
            "min_tls_version": "TLS1_2",
            "name": "diagead461d9",
            "network_rules": [],
            "nfsv3_enabled": false,
            "primary_access_key": "JrnA6dlNBB+qejnoxvXEtz9W7U15bvTJQfO+Z1wQwtD4Y01zTsSYQKPJBWpKJESuVoW/qmXghrbN+ASttc/55g==",
            "primary_blob_connection_string": "DefaultEndpointsProtocol=https;BlobEndpoint=https://diagead461d9.blob.core.windows.net/;AccountName=diagead461d9;AccountKey=JrnA6dlNBB+qejnoxvXEtz9W7U15bvTJQfO+Z1wQwtD4Y01zTsSYQKPJBWpKJESuVoW/qmXghrbN+ASttc/55g==",
            "primary_blob_endpoint": "https://diagead461d9.blob.core.windows.net/",
            "primary_blob_host": "diagead461d9.blob.core.windows.net",
            "primary_blob_internet_endpoint": "",
            "primary_blob_internet_host": "",
            "primary_blob_microsoft_endpoint": "",
            "primary_blob_microsoft_host": "",
            "primary_connection_string": "DefaultEndpointsProtocol=https;AccountName=diagead461d9;AccountKey=JrnA6dlNBB+qejnoxvXEtz9W7U15bvTJQfO+Z1wQwtD4Y01zTsSYQKPJBWpKJESuVoW/qmXghrbN+ASttc/55g==;EndpointSuffix=core.windows.net",
            "primary_dfs_endpoint": "https://diagead461d9.dfs.core.windows.net/",
            "primary_dfs_host": "diagead461d9.dfs.core.windows.net",
            "primary_dfs_internet_endpoint": "",
            "primary_dfs_internet_host": "",
            "primary_dfs_microsoft_endpoint": "",
            "primary_dfs_microsoft_host": "",
            "primary_file_endpoint": "https://diagead461d9.file.core.windows.net/",
            "primary_file_host": "diagead461d9.file.core.windows.net",
            "primary_file_internet_endpoint": "",
            "primary_file_internet_host": "",
            "primary_file_microsoft_endpoint": "",
            "primary_file_microsoft_host": "",
            "primary_location": "westus2",
            "primary_queue_endpoint": "https://diagead461d9.queue.core.windows.net/",
            "primary_queue_host": "diagead461d9.queue.core.windows.net",
            "primary_queue_microsoft_endpoint": "",
            "primary_queue_microsoft_host": "",
            "primary_table_endpoint": "https://diagead461d9.table.core.windows.net/",
            "primary_table_host": "diagead461d9.table.core.windows.net",
            "primary_table_microsoft_endpoint": "",
            "primary_table_microsoft_host": "",
            "primary_web_endpoint": "https://diagead461d9.z5.web.core.windows.net/",
            "primary_web_host": "diagead461d9.z5.web.core.windows.net",
            "primary_web_internet_endpoint": "",
            "primary_web_internet_host": "",
            "primary_web_microsoft_endpoint": "",
            "primary_web_microsoft_host": "",
            "provisioned_billing_model_version": "",
            "public_network_access_enabled": false,
            "queue_encryption_key_type": "Service",
            "queue_properties": [
              {
                "cors_rule": [],
                "hour_metrics": [
                  {
                    "enabled": false,
                    "include_apis": false,
                    "retention_policy_days": 0,
                    "version": "1.0"
                  }
                ],
                "logging": [
                  {
                    "delete": false,
                    "read": false,
                    "retention_policy_days": 0,
                    "version": "1.0",
                    "write": false
                  }
                ],
                "minute_metrics": [
                  {
                    "enabled": false,
                    "include_apis": false,
                    "retention_policy_days": 0,
                    "version": "1.0"
                  }
                ]
              }
            ],
            "resource_group_name": "gkulland-nginx-one",
            "routing": [],
            "sas_policy": [],
            "secondary_access_key": "k0032sHgtwR0TgciYgnoERkCuobONCS7eOJ6iFOnUOyUGaDJSk4tEAwwuJufVp080xYo6mE1+LNs+AStxWS+nA==",
            "secondary_blob_connection_string": "",
            "secondary_blob_endpoint": "",
            "secondary_blob_host": "",
            "secondary_blob_internet_endpoint": "",
            "secondary_blob_internet_host": "",
            "secondary_blob_microsoft_endpoint": "",
            "secondary_blob_microsoft_host": "",
            "secondary_connection_string": "DefaultEndpointsProtocol=https;AccountName=diagead461d9;AccountKey=k0032sHgtwR0TgciYgnoERkCuobONCS7eOJ6iFOnUOyUGaDJSk4tEAwwuJufVp080xYo6mE1+LNs+AStxWS+nA==;EndpointSuffix=core.windows.net",
            "secondary_dfs_endpoint": "",
            "secondary_dfs_host": "",
            "secondary_dfs_internet_endpoint": "",
            "secondary_dfs_internet_host": "",
            "secondary_dfs_microsoft_endpoint": "",
            "secondary_dfs_microsoft_host": "",
            "secondary_file_endpoint": "",
            "secondary_file_host": "",
            "secondary_file_internet_endpoint": "",
            "secondary_file_internet_host": "",
            "secondary_file_microsoft_endpoint": "",
            "secondary_file_microsoft_host": "",
            "secondary_location": "",
            "secondary_queue_endpoint": "",
            "secondary_queue_host": "",
            "secondary_queue_microsoft_endpoint": "",
            "secondary_queue_microsoft_host": "",
            "secondary_table_endpoint": "",
            "secondary_table_host": "",
            "secondary_table_microsoft_endpoint": "",
            "secondary_table_microsoft_host": "",
            "secondary_web_endpoint": "",
            "secondary_web_host": "",
            "secondary_web_internet_endpoint": "",
            "secondary_web_internet_host": "",
            "secondary_web_microsoft_endpoint": "",
            "secondary_web_microsoft_host": "",
            "sftp_enabled": false,
            "share_properties": [
              {
                "cors_rule": [],
                "retention_policy": [
                  {
                    "days": 7
                  }
                ],
                "smb": []
              }
            ],
            "shared_access_key_enabled": true,
            "static_website": [],
            "table_encryption_key_type": "Service",
            "tags": null,
            "timeouts": null
          },
          "sensitive_attributes": [
            [
              {
                "type": "get_attr",
                "value": "primary_access_key"
              }
            ],
            [
              {
                "type": "get_attr",
                "value": "primary_blob_connection_string"
              }
            ],
            [
              {
                "type": "get_attr",
                "value": "primary_connection_string"
              }
            ],
            [
              {
                "type": "get_attr",
                "value": "secondary_access_key"
              }
            ],
            [
              {
                "type": "get_attr",
                "value": "secondary_blob_connection_string"
              }
            ],
            [
              {
                "type": "get_attr",
                "value": "secondary_connection_string"
              }
            ]
          ],
          "identity_schema_version": 0,
          "identity": {
            "name": "diagead461d9",
            "resource_group_name": "gkulland-nginx-one",
            "subscription_id": "4bd08e66-f1da-40f0-9de0-237567f7e61b"
          },
          "private": "eyJlMmJmYjczMC1lY2FhLTExZTYtOGY4OC0zNDM2M2JjN2M0YzAiOnsiY3JlYXRlIjozNjAwMDAwMDAwMDAwLCJkZWxldGUiOjM2MDAwMDAwMDAwMDAsInJlYWQiOjMwMDAwMDAwMDAwMCwidXBkYXRlIjozNjAwMDAwMDAwMDAwfSwic2NoZW1hX3ZlcnNpb24iOiI0In0=",
          "dependencies": [
            "azurerm_resource_group.rg",
            "random_id.random_id"
          ]
        }
      ]
    },
    {
      "mode": "managed",
      "type": "azurerm_subnet",
      "name": "ext",
      "provider": "provider[\"registry.terraform.io/hashicorp/azurerm\"]",
      "instances": [
        {
          "schema_version": 0,
          "attributes": {
            "address_prefixes": [
              "172.20.1.0/24"
            ],
            "default_outbound_access_enabled": true,
            "delegation": [],
            "id": "/subscriptions/4bd08e66-f1da-40f0-9de0-237567f7e61b/resourceGroups/gkulland-nginx-one/providers/Microsoft.Network/virtualNetworks/kulland-nginx-one-vnet/subnets/external",
            "ip_address_pool": [],
            "name": "external",
            "private_endpoint_network_policies": "Disabled",
            "private_link_service_network_policies_enabled": true,
            "resource_group_name": "gkulland-nginx-one",
            "service_endpoint_policy_ids": null,
            "service_endpoints": null,
            "sharing_scope": "",
            "timeouts": null,
            "virtual_network_name": "kulland-nginx-one-vnet"
          },
          "sensitive_attributes": [],
          "identity_schema_version": 0,
          "identity": {
            "name": "external",
            "resource_group_name": "gkulland-nginx-one",
            "subscription_id": "4bd08e66-f1da-40f0-9de0-237567f7e61b",
            "virtual_network_name": "kulland-nginx-one-vnet"
          },
          "private": "eyJlMmJmYjczMC1lY2FhLTExZTYtOGY4OC0zNDM2M2JjN2M0YzAiOnsiY3JlYXRlIjoxODAwMDAwMDAwMDAwLCJkZWxldGUiOjE4MDAwMDAwMDAwMDAsInJlYWQiOjMwMDAwMDAwMDAwMCwidXBkYXRlIjoxODAwMDAwMDAwMDAwfX0=",
          "dependencies": [
            "azurerm_resource_group.rg",
            "azurerm_virtual_network.vnet"
          ]
        }
      ]
    },
    {
      "mode": "managed",
      "type": "azurerm_subnet",
      "name": "int",
      "provider": "provider[\"registry.terraform.io/hashicorp/azurerm\"]",
      "instances": [
        {
          "schema_version": 0,
          "attributes": {
            "address_prefixes": [
              "172.20.2.0/24"
            ],
            "default_outbound_access_enabled": true,
            "delegation": [],
            "id": "/subscriptions/4bd08e66-f1da-40f0-9de0-237567f7e61b/resourceGroups/gkulland-nginx-one/providers/Microsoft.Network/virtualNetworks/kulland-nginx-one-vnet/subnets/internal",
            "ip_address_pool": [],
            "name": "internal",
            "private_endpoint_network_policies": "Disabled",
            "private_link_service_network_policies_enabled": true,
            "resource_group_name": "gkulland-nginx-one",
            "service_endpoint_policy_ids": null,
            "service_endpoints": null,
            "sharing_scope": "",
            "timeouts": null,
            "virtual_network_name": "kulland-nginx-one-vnet"
          },
          "sensitive_attributes": [],
          "identity_schema_version": 0,
          "identity": {
            "name": "internal",
            "resource_group_name": "gkulland-nginx-one",
            "subscription_id": "4bd08e66-f1da-40f0-9de0-237567f7e61b",
            "virtual_network_name": "kulland-nginx-one-vnet"
          },
          "private": "eyJlMmJmYjczMC1lY2FhLTExZTYtOGY4OC0zNDM2M2JjN2M0YzAiOnsiY3JlYXRlIjoxODAwMDAwMDAwMDAwLCJkZWxldGUiOjE4MDAwMDAwMDAwMDAsInJlYWQiOjMwMDAwMDAwMDAwMCwidXBkYXRlIjoxODAwMDAwMDAwMDAwfX0=",
          "dependencies": [
            "azurerm_resource_group.rg",
            "azurerm_virtual_network.vnet"
          ]
        }
      ]
    },
    {
      "mode": "managed",
      "type": "azurerm_subnet",
      "name": "mgmt",
      "provider": "provider[\"registry.terraform.io/hashicorp/azurerm\"]",
      "instances": [
        {
          "schema_version": 0,
          "attributes": {
            "address_prefixes": [
              "172.20.0.0/24"
            ],
            "default_outbound_access_enabled": true,
            "delegation": [],
            "id": "/subscriptions/4bd08e66-f1da-40f0-9de0-237567f7e61b/resourceGroups/gkulland-nginx-one/providers/Microsoft.Network/virtualNetworks/kulland-nginx-one-vnet/subnets/management",
            "ip_address_pool": [],
            "name": "management",
            "private_endpoint_network_policies": "Disabled",
            "private_link_service_network_policies_enabled": true,
            "resource_group_name": "gkulland-nginx-one",
            "service_endpoint_policy_ids": null,
            "service_endpoints": null,
            "sharing_scope": "",
            "timeouts": null,
            "virtual_network_name": "kulland-nginx-one-vnet"
          },
          "sensitive_attributes": [],
          "identity_schema_version": 0,
          "identity": {
            "name": "management",
            "resource_group_name": "gkulland-nginx-one",
            "subscription_id": "4bd08e66-f1da-40f0-9de0-237567f7e61b",
            "virtual_network_name": "kulland-nginx-one-vnet"
          },
          "private": "eyJlMmJmYjczMC1lY2FhLTExZTYtOGY4OC0zNDM2M2JjN2M0YzAiOnsiY3JlYXRlIjoxODAwMDAwMDAwMDAwLCJkZWxldGUiOjE4MDAwMDAwMDAwMDAsInJlYWQiOjMwMDAwMDAwMDAwMCwidXBkYXRlIjoxODAwMDAwMDAwMDAwfX0=",
          "dependencies": [
            "azurerm_resource_group.rg",
            "azurerm_virtual_network.vnet"
          ]
        }
      ]
    },
    {
      "mode": "managed",
      "type": "azurerm_virtual_network",
      "name": "vnet",
      "provider": "provider[\"registry.terraform.io/hashicorp/azurerm\"]",
      "instances": [
        {
          "schema_version": 0,
          "attributes": {
            "address_space": [
              "172.20.0.0/16"
            ],
            "bgp_community": "",
            "ddos_protection_plan": [],
            "dns_servers": [],
            "edge_zone": "",
            "encryption": [],
            "flow_timeout_in_minutes": 0,
            "guid": "83f1a5ff-f931-4e8a-b992-267cd86e2c6a",
            "id": "/subscriptions/4bd08e66-f1da-40f0-9de0-237567f7e61b/resourceGroups/gkulland-nginx-one/providers/Microsoft.Network/virtualNetworks/kulland-nginx-one-vnet",
            "ip_address_pool": [],
            "location": "westus2",
            "name": "kulland-nginx-one-vnet",
            "private_endpoint_vnet_policies": "Disabled",
            "resource_group_name": "gkulland-nginx-one",
            "subnet": [],
            "tags": null,
            "timeouts": null
          },
          "sensitive_attributes": [],
          "identity_schema_version": 0,
          "identity": {
            "name": "kulland-nginx-one-vnet",
            "resource_group_name": "gkulland-nginx-one",
            "subscription_id": "4bd08e66-f1da-40f0-9de0-237567f7e61b"
          },
          "private": "eyJlMmJmYjczMC1lY2FhLTExZTYtOGY4OC0zNDM2M2JjN2M0YzAiOnsiY3JlYXRlIjoxODAwMDAwMDAwMDAwLCJkZWxldGUiOjE4MDAwMDAwMDAwMDAsInJlYWQiOjMwMDAwMDAwMDAwMCwidXBkYXRlIjoxODAwMDAwMDAwMDAwfX0=",
          "dependencies": [
            "azurerm_resource_group.rg"
          ]
        }
      ]
    },
    {
      "mode": "managed",
      "type": "random_id",
      "name": "random_id",
      "provider": "provider[\"registry.terraform.io/hashicorp/random\"]",
      "instances": [
        {
          "schema_version": 0,
          "attributes": {
            "b64_std": "6tRh2Q==",
            "b64_url": "6tRh2Q",
            "byte_length": 4,
            "dec": "3939787225",
            "hex": "ead461d9",
            "id": "6tRh2Q",
            "keepers": null,
            "prefix": null
          },
          "sensitive_attributes": [],
          "identity_schema_version": 0
        }
      ]
    }
  ],
  "check_results": null
}
